Microsoft Visual Studio Solution File, Format Version 12.00
# Visual Studio 2013
Project("{8BC9CEB8-8B4A-11D0-8D11-00A0C91BC942}") = "ALL_BUILD", "ALL_BUILD.vcxproj", "{EDB6D3D6-099B-476C-9C2A-B47E6D2AE854}"
	ProjectSection(ProjectDependencies) = postProject
		{88BC0E36-BAFC-4B35-B917-FD869D0920C4} = {88BC0E36-BAFC-4B35-B917-FD869D0920C4}
		{FE7164CF-68B0-4E14-9848-E9E413302001} = {FE7164CF-68B0-4E14-9848-E9E413302001}
		{22FFB812-6C0B-4D65-B8FE-43F58E3EC73C} = {22FFB812-6C0B-4D65-B8FE-43F58E3EC73C}
		{08573701-A6AB-43F4-9D49-B5C3923BF798} = {08573701-A6AB-43F4-9D49-B5C3923BF798}
		{01EB5DF0-115D-48DD-A2D8-082B3354B01B} = {01EB5DF0-115D-48DD-A2D8-082B3354B01B}
		{669E617D-9FA1-4171-BF79-7ACA691E0077} = {669E617D-9FA1-4171-BF79-7ACA691E0077}
		{10EC9075-7D89-489A-B1C1-32FBE359E8F1} = {10EC9075-7D89-489A-B1C1-32FBE359E8F1}
		{62E52595-E4F5-43EF-BC17-5A58F6246C1F} = {62E52595-E4F5-43EF-BC17-5A58F6246C1F}
		{C40E58BF-026D-47D6-BF19-0E4813561F39} = {C40E58BF-026D-47D6-BF19-0E4813561F39}
		{E98860B6-1AD0-4AF0-B2F3-190A1531714F} = {E98860B6-1AD0-4AF0-B2F3-190A1531714F}
		{FFEFFFAE-4FF0-4719-A4C8-A6703B7E0919} = {FFEFFFAE-4FF0-4719-A4C8-A6703B7E0919}
		{00E259EC-DED7-4C86-B37D-008565E57CB9} = {00E259EC-DED7-4C86-B37D-008565E57CB9}
		{B3B7BA5A-4C7B-4A74-B4B4-99D9E6C6E991} = {B3B7BA5A-4C7B-4A74-B4B4-99D9E6C6E991}
		{0FD49E9F-3677-41B2-9108-D8443AE6FA57} = {0FD49E9F-3677-41B2-9108-D8443AE6FA57}
		{9E7A58D0-D5C1-4771-AA33-C0D5E1465899} = {9E7A58D0-D5C1-4771-AA33-C0D5E1465899}
		{D25F4C2A-5D4C-4CE2-A79D-3C913FCC2CFA} = {D25F4C2A-5D4C-4CE2-A79D-3C913FCC2CFA}
		{7FC8CF6E-5A35-4B3E-9F4E-AA4E9BA603E4} = {7FC8CF6E-5A35-4B3E-9F4E-AA4E9BA603E4}
		{57B0C019-45E0-4A7E-98EE-DE3545AAA955} = {57B0C019-45E0-4A7E-98EE-DE3545AAA955}
		{551E0E18-88B9-425B-BB1F-888AEF17A964} = {551E0E18-88B9-425B-BB1F-888AEF17A964}
		{46A51372-1DCD-4A88-96C7-35B2B60179C7} = {46A51372-1DCD-4A88-96C7-35B2B60179C7}
		{496D555E-1B48-4DE4-8100-CC98CCD2D06B} = {496D555E-1B48-4DE4-8100-CC98CCD2D06B}
		{9ECFDE50-110B-465D-9930-0F07CF4C201D} = {9ECFDE50-110B-465D-9930-0F07CF4C201D}
		{75F30B85-63F4-48D5-949F-BE06DD3AFF46} = {75F30B85-63F4-48D5-949F-BE06DD3AFF46}
		{8ABBC914-922F-4BA1-BF9F-0F5314708A74} = {8ABBC914-922F-4BA1-BF9F-0F5314708A74}
		{C98518EF-DCA1-49E7-8C9B-77E48173D8A4} = {C98518EF-DCA1-49E7-8C9B-77E48173D8A4}
		{49879937-1F60-406D-82CE-C795D4B27DB0} = {49879937-1F60-406D-82CE-C795D4B27DB0}
		{14739202-3E99-4C65-B3AA-1799F950E847} = {14739202-3E99-4C65-B3AA-1799F950E847}
		{34FCA305-75E2-4306-841E-33061D60577B} = {34FCA305-75E2-4306-841E-33061D60577B}
		{7E94E695-EF10-4E07-A839-FE63EFE10748} = {7E94E695-EF10-4E07-A839-FE63EFE10748}
		{EB00136D-2CE3-494F-89C6-A264DEDE200F} = {EB00136D-2CE3-494F-89C6-A264DEDE200F}
		{B99C4772-079C-4EC4-994A-47F25ED79883} = {B99C4772-079C-4EC4-994A-47F25ED79883}
		{8A69C1D3-DB8B-4193-8DE3-2F701951A188} = {8A69C1D3-DB8B-4193-8DE3-2F701951A188}
		{ADE60704-DA64-40E6-8914-72ABAB5CB347} = {ADE60704-DA64-40E6-8914-72ABAB5CB347}
		{5BC489EA-3D2E-4528-9A41-443F266C89AA} = {5BC489EA-3D2E-4528-9A41-443F266C89AA}
		{71454EFF-2C9D-4BCD-8A40-33367FE65C6D} = {71454EFF-2C9D-4BCD-8A40-33367FE65C6D}
		{8363D3F0-64A1-4B63-9DA6-F1CB7798EF18} = {8363D3F0-64A1-4B63-9DA6-F1CB7798EF18}
		{5383B842-2D6C-4B33-9611-2D8D4E6884D2} = {5383B842-2D6C-4B33-9611-2D8D4E6884D2}
		{937A0ADF-6B8B-40FE-A6DB-A018363A7DB6} = {937A0ADF-6B8B-40FE-A6DB-A018363A7DB6}
		{C4EC9EBA-923D-4D82-B7D6-A429BB37E4F2} = {C4EC9EBA-923D-4D82-B7D6-A429BB37E4F2}
		{87F66C17-36EA-4B03-A3AD-6C79948C7A1B} = {87F66C17-36EA-4B03-A3AD-6C79948C7A1B}
		{30B0A5CA-5E45-4EEC-AFD4-097DD95432F0} = {30B0A5CA-5E45-4EEC-AFD4-097DD95432F0}
		{67EFF4E5-B7F6-4230-9D55-85383C6689D3} = {67EFF4E5-B7F6-4230-9D55-85383C6689D3}
		{CA7402BD-A73B-45AE-8F9F-C95D4989C6F6} = {CA7402BD-A73B-45AE-8F9F-C95D4989C6F6}
		{7BD79709-3D12-4050-976F-FC7E49A66F37} = {7BD79709-3D12-4050-976F-FC7E49A66F37}
		{12F7C25A-65E8-460B-A0CC-2B6513F5E7B8} = {12F7C25A-65E8-460B-A0CC-2B6513F5E7B8}
		{5A7753D0-4EAF-48F4-A5CF-BA18A7E9356D} = {5A7753D0-4EAF-48F4-A5CF-BA18A7E9356D}
		{BE5AC7BC-B374-4ED9-908E-3E9908252626} = {BE5AC7BC-B374-4ED9-908E-3E9908252626}
		{5CD4FA30-2EC3-4A48-9D18-A2EBDCA09891} = {5CD4FA30-2EC3-4A48-9D18-A2EBDCA09891}
		{E3D7C49B-BEB8-4E03-AF60-355C76EDC2A6} = {E3D7C49B-BEB8-4E03-AF60-355C76EDC2A6}
		{93454F31-3F80-4133-AF40-F859D5036DC0} = {93454F31-3F80-4133-AF40-F859D5036DC0}
		{7660D53D-647E-4D58-A43B-C5DE3A08115D} = {7660D53D-647E-4D58-A43B-C5DE3A08115D}
		{720C8D8F-5B0E-4EE0-A703-929E2C44768B} = {720C8D8F-5B0E-4EE0-A703-929E2C44768B}
		{64A158B5-5FF0-4C68-8A22-CEF23E79B16B} = {64A158B5-5FF0-4C68-8A22-CEF23E79B16B}
		{2642D1CC-4472-4B55-B742-E67149531CF0} = {2642D1CC-4472-4B55-B742-E67149531CF0}
		{AF51AD99-AF71-4A6F-8040-1BCADC576DC8} = {AF51AD99-AF71-4A6F-8040-1BCADC576DC8}
	EndProjectSection
EndProject
Project("{8BC9CEB8-8B4A-11D0-8D11-00A0C91BC942}") = "INSTALL", "INSTALL.vcxproj", "{95D53783-874D-40BB-9DA6-74BDD8A499F9}"
	ProjectSection(ProjectDependencies) = postProject
		{EDB6D3D6-099B-476C-9C2A-B47E6D2AE854} = {EDB6D3D6-099B-476C-9C2A-B47E6D2AE854}
	EndProjectSection
EndProject
Project("{8BC9CEB8-8B4A-11D0-8D11-00A0C91BC942}") = "PACKAGE", "PACKAGE.vcxproj", "{1A3518F8-01A8-48D2-9F64-D66AD2547E48}"
	ProjectSection(ProjectDependencies) = postProject
		{EDB6D3D6-099B-476C-9C2A-B47E6D2AE854} = {EDB6D3D6-099B-476C-9C2A-B47E6D2AE854}
	EndProjectSection
EndProject
Project("{8BC9CEB8-8B4A-11D0-8D11-00A0C91BC942}") = "ZERO_CHECK", "..\..\ZERO_CHECK.vcxproj", "{9C260123-7141-4256-B72D-9B119F67E6BF}"
	ProjectSection(ProjectDependencies) = postProject
	EndProjectSection
EndProject
Project("{8BC9CEB8-8B4A-11D0-8D11-00A0C91BC942}") = "osgEarth", "..\osgEarth\osgEarth.vcxproj", "{E2C0386B-5D7D-4E8B-AC76-382761935F12}"
	ProjectSection(ProjectDependencies) = postProject
		{9C260123-7141-4256-B72D-9B119F67E6BF} = {9C260123-7141-4256-B72D-9B119F67E6BF}
	EndProjectSection
EndProject
Project("{8BC9CEB8-8B4A-11D0-8D11-00A0C91BC942}") = "osgEarthAnnotation", "..\osgEarthAnnotation\osgEarthAnnotation.vcxproj", "{237313BB-C5F8-4E21-BDDE-CF246A85F2EA}"
	ProjectSection(ProjectDependencies) = postProject
		{9C260123-7141-4256-B72D-9B119F67E6BF} = {9C260123-7141-4256-B72D-9B119F67E6BF}
		{E2C0386B-5D7D-4E8B-AC76-382761935F12} = {E2C0386B-5D7D-4E8B-AC76-382761935F12}
		{18C7EFF5-E600-49AE-9245-53E784BAE0FB} = {18C7EFF5-E600-49AE-9245-53E784BAE0FB}
		{D26D07BA-8576-4EEF-A1F9-473ADBFA41AE} = {D26D07BA-8576-4EEF-A1F9-473ADBFA41AE}
	EndProjectSection
EndProject
Project("{8BC9CEB8-8B4A-11D0-8D11-00A0C91BC942}") = "osgEarthFeatures", "..\osgEarthFeatures\osgEarthFeatures.vcxproj", "{18C7EFF5-E600-49AE-9245-53E784BAE0FB}"
	ProjectSection(ProjectDependencies) = postProject
		{9C260123-7141-4256-B72D-9B119F67E6BF} = {9C260123-7141-4256-B72D-9B119F67E6BF}
		{E2C0386B-5D7D-4E8B-AC76-382761935F12} = {E2C0386B-5D7D-4E8B-AC76-382761935F12}
		{D26D07BA-8576-4EEF-A1F9-473ADBFA41AE} = {D26D07BA-8576-4EEF-A1F9-473ADBFA41AE}
	EndProjectSection
EndProject
Project("{8BC9CEB8-8B4A-11D0-8D11-00A0C91BC942}") = "osgEarthSymbology", "..\osgEarthSymbology\osgEarthSymbology.vcxproj", "{D26D07BA-8576-4EEF-A1F9-473ADBFA41AE}"
	ProjectSection(ProjectDependencies) = postProject
		{9C260123-7141-4256-B72D-9B119F67E6BF} = {9C260123-7141-4256-B72D-9B119F67E6BF}
		{E2C0386B-5D7D-4E8B-AC76-382761935F12} = {E2C0386B-5D7D-4E8B-AC76-382761935F12}
	EndProjectSection
EndProject
Project("{8BC9CEB8-8B4A-11D0-8D11-00A0C91BC942}") = "osgEarthUtil", "..\osgEarthUtil\osgEarthUtil.vcxproj", "{DDDEBB4F-5C20-446F-853D-15845C8DC0DE}"
	ProjectSection(ProjectDependencies) = postProject
		{9C260123-7141-4256-B72D-9B119F67E6BF} = {9C260123-7141-4256-B72D-9B119F67E6BF}
		{E2C0386B-5D7D-4E8B-AC76-382761935F12} = {E2C0386B-5D7D-4E8B-AC76-382761935F12}
		{237313BB-C5F8-4E21-BDDE-CF246A85F2EA} = {237313BB-C5F8-4E21-BDDE-CF246A85F2EA}
		{18C7EFF5-E600-49AE-9245-53E784BAE0FB} = {18C7EFF5-E600-49AE-9245-53E784BAE0FB}
		{D26D07BA-8576-4EEF-A1F9-473ADBFA41AE} = {D26D07BA-8576-4EEF-A1F9-473ADBFA41AE}
	EndProjectSection
EndProject
Project("{8BC9CEB8-8B4A-11D0-8D11-00A0C91BC942}") = "osgdb_earth", "earth\osgdb_earth.vcxproj", "{88BC0E36-BAFC-4B35-B917-FD869D0920C4}"
	ProjectSection(ProjectDependencies) = postProject
		{9C260123-7141-4256-B72D-9B119F67E6BF} = {9C260123-7141-4256-B72D-9B119F67E6BF}
		{E2C0386B-5D7D-4E8B-AC76-382761935F12} = {E2C0386B-5D7D-4E8B-AC76-382761935F12}
	EndProjectSection
EndProject
Project("{8BC9CEB8-8B4A-11D0-8D11-00A0C91BC942}") = "osgdb_kml", "kml\osgdb_kml.vcxproj", "{FE7164CF-68B0-4E14-9848-E9E413302001}"
	ProjectSection(ProjectDependencies) = postProject
		{9C260123-7141-4256-B72D-9B119F67E6BF} = {9C260123-7141-4256-B72D-9B119F67E6BF}
		{E2C0386B-5D7D-4E8B-AC76-382761935F12} = {E2C0386B-5D7D-4E8B-AC76-382761935F12}
		{237313BB-C5F8-4E21-BDDE-CF246A85F2EA} = {237313BB-C5F8-4E21-BDDE-CF246A85F2EA}
		{18C7EFF5-E600-49AE-9245-53E784BAE0FB} = {18C7EFF5-E600-49AE-9245-53E784BAE0FB}
		{D26D07BA-8576-4EEF-A1F9-473ADBFA41AE} = {D26D07BA-8576-4EEF-A1F9-473ADBFA41AE}
		{DDDEBB4F-5C20-446F-853D-15845C8DC0DE} = {DDDEBB4F-5C20-446F-853D-15845C8DC0DE}
	EndProjectSection
EndProject
Project("{8BC9CEB8-8B4A-11D0-8D11-00A0C91BC942}") = "osgdb_osgearth_agglite", "agglite\osgdb_osgearth_agglite.vcxproj", "{22FFB812-6C0B-4D65-B8FE-43F58E3EC73C}"
	ProjectSection(ProjectDependencies) = postProject
		{9C260123-7141-4256-B72D-9B119F67E6BF} = {9C260123-7141-4256-B72D-9B119F67E6BF}
		{E2C0386B-5D7D-4E8B-AC76-382761935F12} = {E2C0386B-5D7D-4E8B-AC76-382761935F12}
		{18C7EFF5-E600-49AE-9245-53E784BAE0FB} = {18C7EFF5-E600-49AE-9245-53E784BAE0FB}
		{D26D07BA-8576-4EEF-A1F9-473ADBFA41AE} = {D26D07BA-8576-4EEF-A1F9-473ADBFA41AE}
	EndProjectSection
EndProject
Project("{8BC9CEB8-8B4A-11D0-8D11-00A0C91BC942}") = "osgdb_osgearth_arcgis", "arcgis\osgdb_osgearth_arcgis.vcxproj", "{08573701-A6AB-43F4-9D49-B5C3923BF798}"
	ProjectSection(ProjectDependencies) = postProject
		{9C260123-7141-4256-B72D-9B119F67E6BF} = {9C260123-7141-4256-B72D-9B119F67E6BF}
		{E2C0386B-5D7D-4E8B-AC76-382761935F12} = {E2C0386B-5D7D-4E8B-AC76-382761935F12}
	EndProjectSection
EndProject
Project("{8BC9CEB8-8B4A-11D0-8D11-00A0C91BC942}") = "osgdb_osgearth_arcgis_map_cache", "arcgis_map_cache\osgdb_osgearth_arcgis_map_cache.vcxproj", "{01EB5DF0-115D-48DD-A2D8-082B3354B01B}"
	ProjectSection(ProjectDependencies) = postProject
		{9C260123-7141-4256-B72D-9B119F67E6BF} = {9C260123-7141-4256-B72D-9B119F67E6BF}
		{E2C0386B-5D7D-4E8B-AC76-382761935F12} = {E2C0386B-5D7D-4E8B-AC76-382761935F12}
	EndProjectSection
EndProject
Project("{8BC9CEB8-8B4A-11D0-8D11-00A0C91BC942}") = "osgdb_osgearth_bing", "bing\osgdb_osgearth_bing.vcxproj", "{669E617D-9FA1-4171-BF79-7ACA691E0077}"
	ProjectSection(ProjectDependencies) = postProject
		{9C260123-7141-4256-B72D-9B119F67E6BF} = {9C260123-7141-4256-B72D-9B119F67E6BF}
		{E2C0386B-5D7D-4E8B-AC76-382761935F12} = {E2C0386B-5D7D-4E8B-AC76-382761935F12}
		{D26D07BA-8576-4EEF-A1F9-473ADBFA41AE} = {D26D07BA-8576-4EEF-A1F9-473ADBFA41AE}
	EndProjectSection
EndProject
Project("{8BC9CEB8-8B4A-11D0-8D11-00A0C91BC942}") = "osgdb_osgearth_bumpmap", "bumpmap\osgdb_osgearth_bumpmap.vcxproj", "{10EC9075-7D89-489A-B1C1-32FBE359E8F1}"
	ProjectSection(ProjectDependencies) = postProject
		{9C260123-7141-4256-B72D-9B119F67E6BF} = {9C260123-7141-4256-B72D-9B119F67E6BF}
		{E2C0386B-5D7D-4E8B-AC76-382761935F12} = {E2C0386B-5D7D-4E8B-AC76-382761935F12}
		{237313BB-C5F8-4E21-BDDE-CF246A85F2EA} = {237313BB-C5F8-4E21-BDDE-CF246A85F2EA}
		{18C7EFF5-E600-49AE-9245-53E784BAE0FB} = {18C7EFF5-E600-49AE-9245-53E784BAE0FB}
		{D26D07BA-8576-4EEF-A1F9-473ADBFA41AE} = {D26D07BA-8576-4EEF-A1F9-473ADBFA41AE}
		{DDDEBB4F-5C20-446F-853D-15845C8DC0DE} = {DDDEBB4F-5C20-446F-853D-15845C8DC0DE}
	EndProjectSection
EndProject
Project("{8BC9CEB8-8B4A-11D0-8D11-00A0C91BC942}") = "osgdb_osgearth_cache_filesystem", "cache_filesystem\osgdb_osgearth_cache_filesystem.vcxproj", "{62E52595-E4F5-43EF-BC17-5A58F6246C1F}"
	ProjectSection(ProjectDependencies) = postProject
		{9C260123-7141-4256-B72D-9B119F67E6BF} = {9C260123-7141-4256-B72D-9B119F67E6BF}
		{E2C0386B-5D7D-4E8B-AC76-382761935F12} = {E2C0386B-5D7D-4E8B-AC76-382761935F12}
	EndProjectSection
EndProject
Project("{8BC9CEB8-8B4A-11D0-8D11-00A0C91BC942}") = "osgdb_osgearth_colorramp", "colorramp\osgdb_osgearth_colorramp.vcxproj", "{C40E58BF-026D-47D6-BF19-0E4813561F39}"
	ProjectSection(ProjectDependencies) = postProject
		{9C260123-7141-4256-B72D-9B119F67E6BF} = {9C260123-7141-4256-B72D-9B119F67E6BF}
		{E2C0386B-5D7D-4E8B-AC76-382761935F12} = {E2C0386B-5D7D-4E8B-AC76-382761935F12}
		{D26D07BA-8576-4EEF-A1F9-473ADBFA41AE} = {D26D07BA-8576-4EEF-A1F9-473ADBFA41AE}
	EndProjectSection
EndProject
Project("{8BC9CEB8-8B4A-11D0-8D11-00A0C91BC942}") = "osgdb_osgearth_debug", "debug\osgdb_osgearth_debug.vcxproj", "{E98860B6-1AD0-4AF0-B2F3-190A1531714F}"
	ProjectSection(ProjectDependencies) = postProject
		{9C260123-7141-4256-B72D-9B119F67E6BF} = {9C260123-7141-4256-B72D-9B119F67E6BF}
		{E2C0386B-5D7D-4E8B-AC76-382761935F12} = {E2C0386B-5D7D-4E8B-AC76-382761935F12}
		{D26D07BA-8576-4EEF-A1F9-473ADBFA41AE} = {D26D07BA-8576-4EEF-A1F9-473ADBFA41AE}
	EndProjectSection
EndProject
Project("{8BC9CEB8-8B4A-11D0-8D11-00A0C91BC942}") = "osgdb_osgearth_detail", "detail\osgdb_osgearth_detail.vcxproj", "{FFEFFFAE-4FF0-4719-A4C8-A6703B7E0919}"
	ProjectSection(ProjectDependencies) = postProject
		{9C260123-7141-4256-B72D-9B119F67E6BF} = {9C260123-7141-4256-B72D-9B119F67E6BF}
		{E2C0386B-5D7D-4E8B-AC76-382761935F12} = {E2C0386B-5D7D-4E8B-AC76-382761935F12}
		{237313BB-C5F8-4E21-BDDE-CF246A85F2EA} = {237313BB-C5F8-4E21-BDDE-CF246A85F2EA}
		{18C7EFF5-E600-49AE-9245-53E784BAE0FB} = {18C7EFF5-E600-49AE-9245-53E784BAE0FB}
		{D26D07BA-8576-4EEF-A1F9-473ADBFA41AE} = {D26D07BA-8576-4EEF-A1F9-473ADBFA41AE}
		{DDDEBB4F-5C20-446F-853D-15845C8DC0DE} = {DDDEBB4F-5C20-446F-853D-15845C8DC0DE}
	EndProjectSection
EndProject
Project("{8BC9CEB8-8B4A-11D0-8D11-00A0C91BC942}") = "osgdb_osgearth_engine_byo", "engine_byo\osgdb_osgearth_engine_byo.vcxproj", "{00E259EC-DED7-4C86-B37D-008565E57CB9}"
	ProjectSection(ProjectDependencies) = postProject
		{9C260123-7141-4256-B72D-9B119F67E6BF} = {9C260123-7141-4256-B72D-9B119F67E6BF}
		{E2C0386B-5D7D-4E8B-AC76-382761935F12} = {E2C0386B-5D7D-4E8B-AC76-382761935F12}
		{D26D07BA-8576-4EEF-A1F9-473ADBFA41AE} = {D26D07BA-8576-4EEF-A1F9-473ADBFA41AE}
	EndProjectSection
EndProject
Project("{8BC9CEB8-8B4A-11D0-8D11-00A0C91BC942}") = "osgdb_osgearth_engine_mp", "engine_mp\osgdb_osgearth_engine_mp.vcxproj", "{B3B7BA5A-4C7B-4A74-B4B4-99D9E6C6E991}"
	ProjectSection(ProjectDependencies) = postProject
		{9C260123-7141-4256-B72D-9B119F67E6BF} = {9C260123-7141-4256-B72D-9B119F67E6BF}
		{E2C0386B-5D7D-4E8B-AC76-382761935F12} = {E2C0386B-5D7D-4E8B-AC76-382761935F12}
		{D26D07BA-8576-4EEF-A1F9-473ADBFA41AE} = {D26D07BA-8576-4EEF-A1F9-473ADBFA41AE}
	EndProjectSection
EndProject
Project("{8BC9CEB8-8B4A-11D0-8D11-00A0C91BC942}") = "osgdb_osgearth_engine_rex", "engine_rex\osgdb_osgearth_engine_rex.vcxproj", "{0FD49E9F-3677-41B2-9108-D8443AE6FA57}"
	ProjectSection(ProjectDependencies) = postProject
		{9C260123-7141-4256-B72D-9B119F67E6BF} = {9C260123-7141-4256-B72D-9B119F67E6BF}
		{E2C0386B-5D7D-4E8B-AC76-382761935F12} = {E2C0386B-5D7D-4E8B-AC76-382761935F12}
		{D26D07BA-8576-4EEF-A1F9-473ADBFA41AE} = {D26D07BA-8576-4EEF-A1F9-473ADBFA41AE}
	EndProjectSection
EndProject
Project("{8BC9CEB8-8B4A-11D0-8D11-00A0C91BC942}") = "osgdb_osgearth_feature_elevation", "feature_elevation\osgdb_osgearth_feature_elevation.vcxproj", "{9E7A58D0-D5C1-4771-AA33-C0D5E1465899}"
	ProjectSection(ProjectDependencies) = postProject
		{9C260123-7141-4256-B72D-9B119F67E6BF} = {9C260123-7141-4256-B72D-9B119F67E6BF}
		{E2C0386B-5D7D-4E8B-AC76-382761935F12} = {E2C0386B-5D7D-4E8B-AC76-382761935F12}
		{237313BB-C5F8-4E21-BDDE-CF246A85F2EA} = {237313BB-C5F8-4E21-BDDE-CF246A85F2EA}
		{18C7EFF5-E600-49AE-9245-53E784BAE0FB} = {18C7EFF5-E600-49AE-9245-53E784BAE0FB}
		{D26D07BA-8576-4EEF-A1F9-473ADBFA41AE} = {D26D07BA-8576-4EEF-A1F9-473ADBFA41AE}
		{DDDEBB4F-5C20-446F-853D-15845C8DC0DE} = {DDDEBB4F-5C20-446F-853D-15845C8DC0DE}
	EndProjectSection
EndProject
Project("{8BC9CEB8-8B4A-11D0-8D11-00A0C91BC942}") = "osgdb_osgearth_feature_ogr", "feature_ogr\osgdb_osgearth_feature_ogr.vcxproj", "{D25F4C2A-5D4C-4CE2-A79D-3C913FCC2CFA}"
	ProjectSection(ProjectDependencies) = postProject
		{9C260123-7141-4256-B72D-9B119F67E6BF} = {9C260123-7141-4256-B72D-9B119F67E6BF}
		{E2C0386B-5D7D-4E8B-AC76-382761935F12} = {E2C0386B-5D7D-4E8B-AC76-382761935F12}
		{18C7EFF5-E600-49AE-9245-53E784BAE0FB} = {18C7EFF5-E600-49AE-9245-53E784BAE0FB}
		{D26D07BA-8576-4EEF-A1F9-473ADBFA41AE} = {D26D07BA-8576-4EEF-A1F9-473ADBFA41AE}
	EndProjectSection
EndProject
Project("{8BC9CEB8-8B4A-11D0-8D11-00A0C91BC942}") = "osgdb_osgearth_feature_raster", "feature_raster\osgdb_osgearth_feature_raster.vcxproj", "{7FC8CF6E-5A35-4B3E-9F4E-AA4E9BA603E4}"
	ProjectSection(ProjectDependencies) = postProject
		{9C260123-7141-4256-B72D-9B119F67E6BF} = {9C260123-7141-4256-B72D-9B119F67E6BF}
		{E2C0386B-5D7D-4E8B-AC76-382761935F12} = {E2C0386B-5D7D-4E8B-AC76-382761935F12}
		{237313BB-C5F8-4E21-BDDE-CF246A85F2EA} = {237313BB-C5F8-4E21-BDDE-CF246A85F2EA}
		{18C7EFF5-E600-49AE-9245-53E784BAE0FB} = {18C7EFF5-E600-49AE-9245-53E784BAE0FB}
		{D26D07BA-8576-4EEF-A1F9-473ADBFA41AE} = {D26D07BA-8576-4EEF-A1F9-473ADBFA41AE}
		{DDDEBB4F-5C20-446F-853D-15845C8DC0DE} = {DDDEBB4F-5C20-446F-853D-15845C8DC0DE}
	EndProjectSection
EndProject
Project("{8BC9CEB8-8B4A-11D0-8D11-00A0C91BC942}") = "osgdb_osgearth_feature_tfs", "feature_tfs\osgdb_osgearth_feature_tfs.vcxproj", "{57B0C019-45E0-4A7E-98EE-DE3545AAA955}"
	ProjectSection(ProjectDependencies) = postProject
		{9C260123-7141-4256-B72D-9B119F67E6BF} = {9C260123-7141-4256-B72D-9B119F67E6BF}
		{E2C0386B-5D7D-4E8B-AC76-382761935F12} = {E2C0386B-5D7D-4E8B-AC76-382761935F12}
		{237313BB-C5F8-4E21-BDDE-CF246A85F2EA} = {237313BB-C5F8-4E21-BDDE-CF246A85F2EA}
		{18C7EFF5-E600-49AE-9245-53E784BAE0FB} = {18C7EFF5-E600-49AE-9245-53E784BAE0FB}
		{D26D07BA-8576-4EEF-A1F9-473ADBFA41AE} = {D26D07BA-8576-4EEF-A1F9-473ADBFA41AE}
		{DDDEBB4F-5C20-446F-853D-15845C8DC0DE} = {DDDEBB4F-5C20-446F-853D-15845C8DC0DE}
	EndProjectSection
EndProject
Project("{8BC9CEB8-8B4A-11D0-8D11-00A0C91BC942}") = "osgdb_osgearth_feature_wfs", "feature_wfs\osgdb_osgearth_feature_wfs.vcxproj", "{551E0E18-88B9-425B-BB1F-888AEF17A964}"
	ProjectSection(ProjectDependencies) = postProject
		{9C260123-7141-4256-B72D-9B119F67E6BF} = {9C260123-7141-4256-B72D-9B119F67E6BF}
		{E2C0386B-5D7D-4E8B-AC76-382761935F12} = {E2C0386B-5D7D-4E8B-AC76-382761935F12}
		{237313BB-C5F8-4E21-BDDE-CF246A85F2EA} = {237313BB-C5F8-4E21-BDDE-CF246A85F2EA}
		{18C7EFF5-E600-49AE-9245-53E784BAE0FB} = {18C7EFF5-E600-49AE-9245-53E784BAE0FB}
		{D26D07BA-8576-4EEF-A1F9-473ADBFA41AE} = {D26D07BA-8576-4EEF-A1F9-473ADBFA41AE}
		{DDDEBB4F-5C20-446F-853D-15845C8DC0DE} = {DDDEBB4F-5C20-446F-853D-15845C8DC0DE}
	EndProjectSection
EndProject
Project("{8BC9CEB8-8B4A-11D0-8D11-00A0C91BC942}") = "osgdb_osgearth_featurefilter_intersect", "featurefilter_intersect\osgdb_osgearth_featurefilter_intersect.vcxproj", "{46A51372-1DCD-4A88-96C7-35B2B60179C7}"
	ProjectSection(ProjectDependencies) = postProject
		{9C260123-7141-4256-B72D-9B119F67E6BF} = {9C260123-7141-4256-B72D-9B119F67E6BF}
		{E2C0386B-5D7D-4E8B-AC76-382761935F12} = {E2C0386B-5D7D-4E8B-AC76-382761935F12}
		{18C7EFF5-E600-49AE-9245-53E784BAE0FB} = {18C7EFF5-E600-49AE-9245-53E784BAE0FB}
		{D26D07BA-8576-4EEF-A1F9-473ADBFA41AE} = {D26D07BA-8576-4EEF-A1F9-473ADBFA41AE}
	EndProjectSection
EndProject
Project("{8BC9CEB8-8B4A-11D0-8D11-00A0C91BC942}") = "osgdb_osgearth_featurefilter_join", "featurefilter_join\osgdb_osgearth_featurefilter_join.vcxproj", "{496D555E-1B48-4DE4-8100-CC98CCD2D06B}"
	ProjectSection(ProjectDependencies) = postProject
		{9C260123-7141-4256-B72D-9B119F67E6BF} = {9C260123-7141-4256-B72D-9B119F67E6BF}
		{E2C0386B-5D7D-4E8B-AC76-382761935F12} = {E2C0386B-5D7D-4E8B-AC76-382761935F12}
		{18C7EFF5-E600-49AE-9245-53E784BAE0FB} = {18C7EFF5-E600-49AE-9245-53E784BAE0FB}
		{D26D07BA-8576-4EEF-A1F9-473ADBFA41AE} = {D26D07BA-8576-4EEF-A1F9-473ADBFA41AE}
	EndProjectSection
EndProject
Project("{8BC9CEB8-8B4A-11D0-8D11-00A0C91BC942}") = "osgdb_osgearth_gdal", "gdal\osgdb_osgearth_gdal.vcxproj", "{9ECFDE50-110B-465D-9930-0F07CF4C201D}"
	ProjectSection(ProjectDependencies) = postProject
		{9C260123-7141-4256-B72D-9B119F67E6BF} = {9C260123-7141-4256-B72D-9B119F67E6BF}
		{E2C0386B-5D7D-4E8B-AC76-382761935F12} = {E2C0386B-5D7D-4E8B-AC76-382761935F12}
	EndProjectSection
EndProject
Project("{8BC9CEB8-8B4A-11D0-8D11-00A0C91BC942}") = "osgdb_osgearth_label_annotation", "label_annotation\osgdb_osgearth_label_annotation.vcxproj", "{75F30B85-63F4-48D5-949F-BE06DD3AFF46}"
	ProjectSection(ProjectDependencies) = postProject
		{9C260123-7141-4256-B72D-9B119F67E6BF} = {9C260123-7141-4256-B72D-9B119F67E6BF}
		{E2C0386B-5D7D-4E8B-AC76-382761935F12} = {E2C0386B-5D7D-4E8B-AC76-382761935F12}
		{237313BB-C5F8-4E21-BDDE-CF246A85F2EA} = {237313BB-C5F8-4E21-BDDE-CF246A85F2EA}
		{18C7EFF5-E600-49AE-9245-53E784BAE0FB} = {18C7EFF5-E600-49AE-9245-53E784BAE0FB}
		{D26D07BA-8576-4EEF-A1F9-473ADBFA41AE} = {D26D07BA-8576-4EEF-A1F9-473ADBFA41AE}
	EndProjectSection
EndProject
Project("{8BC9CEB8-8B4A-11D0-8D11-00A0C91BC942}") = "osgdb_osgearth_mapinspector", "mapinspector\osgdb_osgearth_mapinspector.vcxproj", "{8ABBC914-922F-4BA1-BF9F-0F5314708A74}"
	ProjectSection(ProjectDependencies) = postProject
		{9C260123-7141-4256-B72D-9B119F67E6BF} = {9C260123-7141-4256-B72D-9B119F67E6BF}
		{E2C0386B-5D7D-4E8B-AC76-382761935F12} = {E2C0386B-5D7D-4E8B-AC76-382761935F12}
		{237313BB-C5F8-4E21-BDDE-CF246A85F2EA} = {237313BB-C5F8-4E21-BDDE-CF246A85F2EA}
		{18C7EFF5-E600-49AE-9245-53E784BAE0FB} = {18C7EFF5-E600-49AE-9245-53E784BAE0FB}
		{D26D07BA-8576-4EEF-A1F9-473ADBFA41AE} = {D26D07BA-8576-4EEF-A1F9-473ADBFA41AE}
		{DDDEBB4F-5C20-446F-853D-15845C8DC0DE} = {DDDEBB4F-5C20-446F-853D-15845C8DC0DE}
	EndProjectSection
EndProject
Project("{8BC9CEB8-8B4A-11D0-8D11-00A0C91BC942}") = "osgdb_osgearth_mask_feature", "mask_feature\osgdb_osgearth_mask_feature.vcxproj", "{C98518EF-DCA1-49E7-8C9B-77E48173D8A4}"
	ProjectSection(ProjectDependencies) = postProject
		{9C260123-7141-4256-B72D-9B119F67E6BF} = {9C260123-7141-4256-B72D-9B119F67E6BF}
		{E2C0386B-5D7D-4E8B-AC76-382761935F12} = {E2C0386B-5D7D-4E8B-AC76-382761935F12}
		{18C7EFF5-E600-49AE-9245-53E784BAE0FB} = {18C7EFF5-E600-49AE-9245-53E784BAE0FB}
		{D26D07BA-8576-4EEF-A1F9-473ADBFA41AE} = {D26D07BA-8576-4EEF-A1F9-473ADBFA41AE}
	EndProjectSection
EndProject
Project("{8BC9CEB8-8B4A-11D0-8D11-00A0C91BC942}") = "osgdb_osgearth_mbtiles", "mbtiles\osgdb_osgearth_mbtiles.vcxproj", "{49879937-1F60-406D-82CE-C795D4B27DB0}"
	ProjectSection(ProjectDependencies) = postProject
		{9C260123-7141-4256-B72D-9B119F67E6BF} = {9C260123-7141-4256-B72D-9B119F67E6BF}
		{E2C0386B-5D7D-4E8B-AC76-382761935F12} = {E2C0386B-5D7D-4E8B-AC76-382761935F12}
	EndProjectSection
EndProject
Project("{8BC9CEB8-8B4A-11D0-8D11-00A0C91BC942}") = "osgdb_osgearth_model_feature_geom", "model_feature_geom\osgdb_osgearth_model_feature_geom.vcxproj", "{14739202-3E99-4C65-B3AA-1799F950E847}"
	ProjectSection(ProjectDependencies) = postProject
		{9C260123-7141-4256-B72D-9B119F67E6BF} = {9C260123-7141-4256-B72D-9B119F67E6BF}
		{E2C0386B-5D7D-4E8B-AC76-382761935F12} = {E2C0386B-5D7D-4E8B-AC76-382761935F12}
		{18C7EFF5-E600-49AE-9245-53E784BAE0FB} = {18C7EFF5-E600-49AE-9245-53E784BAE0FB}
		{D26D07BA-8576-4EEF-A1F9-473ADBFA41AE} = {D26D07BA-8576-4EEF-A1F9-473ADBFA41AE}
	EndProjectSection
EndProject
Project("{8BC9CEB8-8B4A-11D0-8D11-00A0C91BC942}") = "osgdb_osgearth_model_simple", "model_simple\osgdb_osgearth_model_simple.vcxproj", "{34FCA305-75E2-4306-841E-33061D60577B}"
	ProjectSection(ProjectDependencies) = postProject
		{9C260123-7141-4256-B72D-9B119F67E6BF} = {9C260123-7141-4256-B72D-9B119F67E6BF}
		{E2C0386B-5D7D-4E8B-AC76-382761935F12} = {E2C0386B-5D7D-4E8B-AC76-382761935F12}
		{18C7EFF5-E600-49AE-9245-53E784BAE0FB} = {18C7EFF5-E600-49AE-9245-53E784BAE0FB}
		{D26D07BA-8576-4EEF-A1F9-473ADBFA41AE} = {D26D07BA-8576-4EEF-A1F9-473ADBFA41AE}
	EndProjectSection
EndProject
Project("{8BC9CEB8-8B4A-11D0-8D11-00A0C91BC942}") = "osgdb_osgearth_monitor", "monitor\osgdb_osgearth_monitor.vcxproj", "{7E94E695-EF10-4E07-A839-FE63EFE10748}"
	ProjectSection(ProjectDependencies) = postProject
		{9C260123-7141-4256-B72D-9B119F67E6BF} = {9C260123-7141-4256-B72D-9B119F67E6BF}
		{E2C0386B-5D7D-4E8B-AC76-382761935F12} = {E2C0386B-5D7D-4E8B-AC76-382761935F12}
		{237313BB-C5F8-4E21-BDDE-CF246A85F2EA} = {237313BB-C5F8-4E21-BDDE-CF246A85F2EA}
		{18C7EFF5-E600-49AE-9245-53E784BAE0FB} = {18C7EFF5-E600-49AE-9245-53E784BAE0FB}
		{D26D07BA-8576-4EEF-A1F9-473ADBFA41AE} = {D26D07BA-8576-4EEF-A1F9-473ADBFA41AE}
		{DDDEBB4F-5C20-446F-853D-15845C8DC0DE} = {DDDEBB4F-5C20-446F-853D-15845C8DC0DE}
	EndProjectSection
EndProject
Project("{8BC9CEB8-8B4A-11D0-8D11-00A0C91BC942}") = "osgdb_osgearth_noise", "noise\osgdb_osgearth_noise.vcxproj", "{EB00136D-2CE3-494F-89C6-A264DEDE200F}"
	ProjectSection(ProjectDependencies) = postProject
		{9C260123-7141-4256-B72D-9B119F67E6BF} = {9C260123-7141-4256-B72D-9B119F67E6BF}
		{E2C0386B-5D7D-4E8B-AC76-382761935F12} = {E2C0386B-5D7D-4E8B-AC76-382761935F12}
		{237313BB-C5F8-4E21-BDDE-CF246A85F2EA} = {237313BB-C5F8-4E21-BDDE-CF246A85F2EA}
		{18C7EFF5-E600-49AE-9245-53E784BAE0FB} = {18C7EFF5-E600-49AE-9245-53E784BAE0FB}
		{D26D07BA-8576-4EEF-A1F9-473ADBFA41AE} = {D26D07BA-8576-4EEF-A1F9-473ADBFA41AE}
		{DDDEBB4F-5C20-446F-853D-15845C8DC0DE} = {DDDEBB4F-5C20-446F-853D-15845C8DC0DE}
	EndProjectSection
EndProject
Project("{8BC9CEB8-8B4A-11D0-8D11-00A0C91BC942}") = "osgdb_osgearth_ocean_simple", "ocean_simple\osgdb_osgearth_ocean_simple.vcxproj", "{B99C4772-079C-4EC4-994A-47F25ED79883}"
	ProjectSection(ProjectDependencies) = postProject
		{9C260123-7141-4256-B72D-9B119F67E6BF} = {9C260123-7141-4256-B72D-9B119F67E6BF}
		{E2C0386B-5D7D-4E8B-AC76-382761935F12} = {E2C0386B-5D7D-4E8B-AC76-382761935F12}
		{237313BB-C5F8-4E21-BDDE-CF246A85F2EA} = {237313BB-C5F8-4E21-BDDE-CF246A85F2EA}
		{18C7EFF5-E600-49AE-9245-53E784BAE0FB} = {18C7EFF5-E600-49AE-9245-53E784BAE0FB}
		{D26D07BA-8576-4EEF-A1F9-473ADBFA41AE} = {D26D07BA-8576-4EEF-A1F9-473ADBFA41AE}
		{DDDEBB4F-5C20-446F-853D-15845C8DC0DE} = {DDDEBB4F-5C20-446F-853D-15845C8DC0DE}
	EndProjectSection
EndProject
Project("{8BC9CEB8-8B4A-11D0-8D11-00A0C91BC942}") = "osgdb_osgearth_osg", "osg\osgdb_osgearth_osg.vcxproj", "{8A69C1D3-DB8B-4193-8DE3-2F701951A188}"
	ProjectSection(ProjectDependencies) = postProject
		{9C260123-7141-4256-B72D-9B119F67E6BF} = {9C260123-7141-4256-B72D-9B119F67E6BF}
		{E2C0386B-5D7D-4E8B-AC76-382761935F12} = {E2C0386B-5D7D-4E8B-AC76-382761935F12}
	EndProjectSection
EndProject
Project("{8BC9CEB8-8B4A-11D0-8D11-00A0C91BC942}") = "osgdb_osgearth_quadkey", "quadkey\osgdb_osgearth_quadkey.vcxproj", "{ADE60704-DA64-40E6-8914-72ABAB5CB347}"
	ProjectSection(ProjectDependencies) = postProject
		{9C260123-7141-4256-B72D-9B119F67E6BF} = {9C260123-7141-4256-B72D-9B119F67E6BF}
		{E2C0386B-5D7D-4E8B-AC76-382761935F12} = {E2C0386B-5D7D-4E8B-AC76-382761935F12}
		{237313BB-C5F8-4E21-BDDE-CF246A85F2EA} = {237313BB-C5F8-4E21-BDDE-CF246A85F2EA}
		{18C7EFF5-E600-49AE-9245-53E784BAE0FB} = {18C7EFF5-E600-49AE-9245-53E784BAE0FB}
		{D26D07BA-8576-4EEF-A1F9-473ADBFA41AE} = {D26D07BA-8576-4EEF-A1F9-473ADBFA41AE}
		{DDDEBB4F-5C20-446F-853D-15845C8DC0DE} = {DDDEBB4F-5C20-446F-853D-15845C8DC0DE}
	EndProjectSection
EndProject
Project("{8BC9CEB8-8B4A-11D0-8D11-00A0C91BC942}") = "osgdb_osgearth_refresh", "refresh\osgdb_osgearth_refresh.vcxproj", "{5BC489EA-3D2E-4528-9A41-443F266C89AA}"
	ProjectSection(ProjectDependencies) = postProject
		{9C260123-7141-4256-B72D-9B119F67E6BF} = {9C260123-7141-4256-B72D-9B119F67E6BF}
		{E2C0386B-5D7D-4E8B-AC76-382761935F12} = {E2C0386B-5D7D-4E8B-AC76-382761935F12}
	EndProjectSection
EndProject
Project("{8BC9CEB8-8B4A-11D0-8D11-00A0C91BC942}") = "osgdb_osgearth_scriptengine_javascript", "script_engine_duktape\osgdb_osgearth_scriptengine_javascript.vcxproj", "{71454EFF-2C9D-4BCD-8A40-33367FE65C6D}"
	ProjectSection(ProjectDependencies) = postProject
		{9C260123-7141-4256-B72D-9B119F67E6BF} = {9C260123-7141-4256-B72D-9B119F67E6BF}
		{E2C0386B-5D7D-4E8B-AC76-382761935F12} = {E2C0386B-5D7D-4E8B-AC76-382761935F12}
		{18C7EFF5-E600-49AE-9245-53E784BAE0FB} = {18C7EFF5-E600-49AE-9245-53E784BAE0FB}
		{D26D07BA-8576-4EEF-A1F9-473ADBFA41AE} = {D26D07BA-8576-4EEF-A1F9-473ADBFA41AE}
	EndProjectSection
EndProject
Project("{8BC9CEB8-8B4A-11D0-8D11-00A0C91BC942}") = "osgdb_osgearth_sky_gl", "sky_gl\osgdb_osgearth_sky_gl.vcxproj", "{8363D3F0-64A1-4B63-9DA6-F1CB7798EF18}"
	ProjectSection(ProjectDependencies) = postProject
		{9C260123-7141-4256-B72D-9B119F67E6BF} = {9C260123-7141-4256-B72D-9B119F67E6BF}
		{E2C0386B-5D7D-4E8B-AC76-382761935F12} = {E2C0386B-5D7D-4E8B-AC76-382761935F12}
		{237313BB-C5F8-4E21-BDDE-CF246A85F2EA} = {237313BB-C5F8-4E21-BDDE-CF246A85F2EA}
		{18C7EFF5-E600-49AE-9245-53E784BAE0FB} = {18C7EFF5-E600-49AE-9245-53E784BAE0FB}
		{D26D07BA-8576-4EEF-A1F9-473ADBFA41AE} = {D26D07BA-8576-4EEF-A1F9-473ADBFA41AE}
		{DDDEBB4F-5C20-446F-853D-15845C8DC0DE} = {DDDEBB4F-5C20-446F-853D-15845C8DC0DE}
	EndProjectSection
EndProject
Project("{8BC9CEB8-8B4A-11D0-8D11-00A0C91BC942}") = "osgdb_osgearth_sky_simple", "sky_simple\osgdb_osgearth_sky_simple.vcxproj", "{5383B842-2D6C-4B33-9611-2D8D4E6884D2}"
	ProjectSection(ProjectDependencies) = postProject
		{9C260123-7141-4256-B72D-9B119F67E6BF} = {9C260123-7141-4256-B72D-9B119F67E6BF}
		{E2C0386B-5D7D-4E8B-AC76-382761935F12} = {E2C0386B-5D7D-4E8B-AC76-382761935F12}
		{237313BB-C5F8-4E21-BDDE-CF246A85F2EA} = {237313BB-C5F8-4E21-BDDE-CF246A85F2EA}
		{18C7EFF5-E600-49AE-9245-53E784BAE0FB} = {18C7EFF5-E600-49AE-9245-53E784BAE0FB}
		{D26D07BA-8576-4EEF-A1F9-473ADBFA41AE} = {D26D07BA-8576-4EEF-A1F9-473ADBFA41AE}
		{DDDEBB4F-5C20-446F-853D-15845C8DC0DE} = {DDDEBB4F-5C20-446F-853D-15845C8DC0DE}
	EndProjectSection
EndProject
Project("{8BC9CEB8-8B4A-11D0-8D11-00A0C91BC942}") = "osgdb_osgearth_skyview", "skyview\osgdb_osgearth_skyview.vcxproj", "{937A0ADF-6B8B-40FE-A6DB-A018363A7DB6}"
	ProjectSection(ProjectDependencies) = postProject
		{9C260123-7141-4256-B72D-9B119F67E6BF} = {9C260123-7141-4256-B72D-9B119F67E6BF}
		{E2C0386B-5D7D-4E8B-AC76-382761935F12} = {E2C0386B-5D7D-4E8B-AC76-382761935F12}
	EndProjectSection
EndProject
Project("{8BC9CEB8-8B4A-11D0-8D11-00A0C91BC942}") = "osgdb_osgearth_splat_mask", "splat_mask\osgdb_osgearth_splat_mask.vcxproj", "{C4EC9EBA-923D-4D82-B7D6-A429BB37E4F2}"
	ProjectSection(ProjectDependencies) = postProject
		{9C260123-7141-4256-B72D-9B119F67E6BF} = {9C260123-7141-4256-B72D-9B119F67E6BF}
		{E2C0386B-5D7D-4E8B-AC76-382761935F12} = {E2C0386B-5D7D-4E8B-AC76-382761935F12}
		{237313BB-C5F8-4E21-BDDE-CF246A85F2EA} = {237313BB-C5F8-4E21-BDDE-CF246A85F2EA}
		{18C7EFF5-E600-49AE-9245-53E784BAE0FB} = {18C7EFF5-E600-49AE-9245-53E784BAE0FB}
		{D26D07BA-8576-4EEF-A1F9-473ADBFA41AE} = {D26D07BA-8576-4EEF-A1F9-473ADBFA41AE}
		{DDDEBB4F-5C20-446F-853D-15845C8DC0DE} = {DDDEBB4F-5C20-446F-853D-15845C8DC0DE}
	EndProjectSection
EndProject
Project("{8BC9CEB8-8B4A-11D0-8D11-00A0C91BC942}") = "osgdb_osgearth_template_matclass", "template_matclass\osgdb_osgearth_template_matclass.vcxproj", "{87F66C17-36EA-4B03-A3AD-6C79948C7A1B}"
	ProjectSection(ProjectDependencies) = postProject
		{9C260123-7141-4256-B72D-9B119F67E6BF} = {9C260123-7141-4256-B72D-9B119F67E6BF}
		{E2C0386B-5D7D-4E8B-AC76-382761935F12} = {E2C0386B-5D7D-4E8B-AC76-382761935F12}
		{18C7EFF5-E600-49AE-9245-53E784BAE0FB} = {18C7EFF5-E600-49AE-9245-53E784BAE0FB}
		{D26D07BA-8576-4EEF-A1F9-473ADBFA41AE} = {D26D07BA-8576-4EEF-A1F9-473ADBFA41AE}
	EndProjectSection
EndProject
Project("{8BC9CEB8-8B4A-11D0-8D11-00A0C91BC942}") = "osgdb_osgearth_terrainshader", "terrainshader\osgdb_osgearth_terrainshader.vcxproj", "{30B0A5CA-5E45-4EEC-AFD4-097DD95432F0}"
	ProjectSection(ProjectDependencies) = postProject
		{9C260123-7141-4256-B72D-9B119F67E6BF} = {9C260123-7141-4256-B72D-9B119F67E6BF}
		{E2C0386B-5D7D-4E8B-AC76-382761935F12} = {E2C0386B-5D7D-4E8B-AC76-382761935F12}
		{237313BB-C5F8-4E21-BDDE-CF246A85F2EA} = {237313BB-C5F8-4E21-BDDE-CF246A85F2EA}
		{18C7EFF5-E600-49AE-9245-53E784BAE0FB} = {18C7EFF5-E600-49AE-9245-53E784BAE0FB}
		{D26D07BA-8576-4EEF-A1F9-473ADBFA41AE} = {D26D07BA-8576-4EEF-A1F9-473ADBFA41AE}
		{DDDEBB4F-5C20-446F-853D-15845C8DC0DE} = {DDDEBB4F-5C20-446F-853D-15845C8DC0DE}
	EndProjectSection
EndProject
Project("{8BC9CEB8-8B4A-11D0-8D11-00A0C91BC942}") = "osgdb_osgearth_tilecache", "tilecache\osgdb_osgearth_tilecache.vcxproj", "{67EFF4E5-B7F6-4230-9D55-85383C6689D3}"
	ProjectSection(ProjectDependencies) = postProject
		{9C260123-7141-4256-B72D-9B119F67E6BF} = {9C260123-7141-4256-B72D-9B119F67E6BF}
		{E2C0386B-5D7D-4E8B-AC76-382761935F12} = {E2C0386B-5D7D-4E8B-AC76-382761935F12}
	EndProjectSection
EndProject
Project("{8BC9CEB8-8B4A-11D0-8D11-00A0C91BC942}") = "osgdb_osgearth_tileindex", "tileindex\osgdb_osgearth_tileindex.vcxproj", "{CA7402BD-A73B-45AE-8F9F-C95D4989C6F6}"
	ProjectSection(ProjectDependencies) = postProject
		{9C260123-7141-4256-B72D-9B119F67E6BF} = {9C260123-7141-4256-B72D-9B119F67E6BF}
		{E2C0386B-5D7D-4E8B-AC76-382761935F12} = {E2C0386B-5D7D-4E8B-AC76-382761935F12}
		{237313BB-C5F8-4E21-BDDE-CF246A85F2EA} = {237313BB-C5F8-4E21-BDDE-CF246A85F2EA}
		{18C7EFF5-E600-49AE-9245-53E784BAE0FB} = {18C7EFF5-E600-49AE-9245-53E784BAE0FB}
		{D26D07BA-8576-4EEF-A1F9-473ADBFA41AE} = {D26D07BA-8576-4EEF-A1F9-473ADBFA41AE}
		{DDDEBB4F-5C20-446F-853D-15845C8DC0DE} = {DDDEBB4F-5C20-446F-853D-15845C8DC0DE}
	EndProjectSection
EndProject
Project("{8BC9CEB8-8B4A-11D0-8D11-00A0C91BC942}") = "osgdb_osgearth_tileservice", "tileservice\osgdb_osgearth_tileservice.vcxproj", "{7BD79709-3D12-4050-976F-FC7E49A66F37}"
	ProjectSection(ProjectDependencies) = postProject
		{9C260123-7141-4256-B72D-9B119F67E6BF} = {9C260123-7141-4256-B72D-9B119F67E6BF}
		{E2C0386B-5D7D-4E8B-AC76-382761935F12} = {E2C0386B-5D7D-4E8B-AC76-382761935F12}
	EndProjectSection
EndProject
Project("{8BC9CEB8-8B4A-11D0-8D11-00A0C91BC942}") = "osgdb_osgearth_tms", "tms\osgdb_osgearth_tms.vcxproj", "{12F7C25A-65E8-460B-A0CC-2B6513F5E7B8}"
	ProjectSection(ProjectDependencies) = postProject
		{9C260123-7141-4256-B72D-9B119F67E6BF} = {9C260123-7141-4256-B72D-9B119F67E6BF}
		{E2C0386B-5D7D-4E8B-AC76-382761935F12} = {E2C0386B-5D7D-4E8B-AC76-382761935F12}
		{237313BB-C5F8-4E21-BDDE-CF246A85F2EA} = {237313BB-C5F8-4E21-BDDE-CF246A85F2EA}
		{18C7EFF5-E600-49AE-9245-53E784BAE0FB} = {18C7EFF5-E600-49AE-9245-53E784BAE0FB}
		{D26D07BA-8576-4EEF-A1F9-473ADBFA41AE} = {D26D07BA-8576-4EEF-A1F9-473ADBFA41AE}
		{DDDEBB4F-5C20-446F-853D-15845C8DC0DE} = {DDDEBB4F-5C20-446F-853D-15845C8DC0DE}
	EndProjectSection
EndProject
Project("{8BC9CEB8-8B4A-11D0-8D11-00A0C91BC942}") = "osgdb_osgearth_vdatum_egm2008", "vdatum_egm2008\osgdb_osgearth_vdatum_egm2008.vcxproj", "{5A7753D0-4EAF-48F4-A5CF-BA18A7E9356D}"
	ProjectSection(ProjectDependencies) = postProject
		{9C260123-7141-4256-B72D-9B119F67E6BF} = {9C260123-7141-4256-B72D-9B119F67E6BF}
		{E2C0386B-5D7D-4E8B-AC76-382761935F12} = {E2C0386B-5D7D-4E8B-AC76-382761935F12}
	EndProjectSection
EndProject
Project("{8BC9CEB8-8B4A-11D0-8D11-00A0C91BC942}") = "osgdb_osgearth_vdatum_egm84", "vdatum_egm84\osgdb_osgearth_vdatum_egm84.vcxproj", "{BE5AC7BC-B374-4ED9-908E-3E9908252626}"
	ProjectSection(ProjectDependencies) = postProject
		{9C260123-7141-4256-B72D-9B119F67E6BF} = {9C260123-7141-4256-B72D-9B119F67E6BF}
		{E2C0386B-5D7D-4E8B-AC76-382761935F12} = {E2C0386B-5D7D-4E8B-AC76-382761935F12}
	EndProjectSection
EndProject
Project("{8BC9CEB8-8B4A-11D0-8D11-00A0C91BC942}") = "osgdb_osgearth_vdatum_egm96", "vdatum_egm96\osgdb_osgearth_vdatum_egm96.vcxproj", "{5CD4FA30-2EC3-4A48-9D18-A2EBDCA09891}"
	ProjectSection(ProjectDependencies) = postProject
		{9C260123-7141-4256-B72D-9B119F67E6BF} = {9C260123-7141-4256-B72D-9B119F67E6BF}
		{E2C0386B-5D7D-4E8B-AC76-382761935F12} = {E2C0386B-5D7D-4E8B-AC76-382761935F12}
	EndProjectSection
EndProject
Project("{8BC9CEB8-8B4A-11D0-8D11-00A0C91BC942}") = "osgdb_osgearth_viewpoints", "viewpoints\osgdb_osgearth_viewpoints.vcxproj", "{E3D7C49B-BEB8-4E03-AF60-355C76EDC2A6}"
	ProjectSection(ProjectDependencies) = postProject
		{9C260123-7141-4256-B72D-9B119F67E6BF} = {9C260123-7141-4256-B72D-9B119F67E6BF}
		{E2C0386B-5D7D-4E8B-AC76-382761935F12} = {E2C0386B-5D7D-4E8B-AC76-382761935F12}
		{237313BB-C5F8-4E21-BDDE-CF246A85F2EA} = {237313BB-C5F8-4E21-BDDE-CF246A85F2EA}
		{18C7EFF5-E600-49AE-9245-53E784BAE0FB} = {18C7EFF5-E600-49AE-9245-53E784BAE0FB}
		{D26D07BA-8576-4EEF-A1F9-473ADBFA41AE} = {D26D07BA-8576-4EEF-A1F9-473ADBFA41AE}
		{DDDEBB4F-5C20-446F-853D-15845C8DC0DE} = {DDDEBB4F-5C20-446F-853D-15845C8DC0DE}
	EndProjectSection
EndProject
Project("{8BC9CEB8-8B4A-11D0-8D11-00A0C91BC942}") = "osgdb_osgearth_vpb", "vpb\osgdb_osgearth_vpb.vcxproj", "{93454F31-3F80-4133-AF40-F859D5036DC0}"
	ProjectSection(ProjectDependencies) = postProject
		{9C260123-7141-4256-B72D-9B119F67E6BF} = {9C260123-7141-4256-B72D-9B119F67E6BF}
		{E2C0386B-5D7D-4E8B-AC76-382761935F12} = {E2C0386B-5D7D-4E8B-AC76-382761935F12}
	EndProjectSection
EndProject
Project("{8BC9CEB8-8B4A-11D0-8D11-00A0C91BC942}") = "osgdb_osgearth_wcs", "wcs\osgdb_osgearth_wcs.vcxproj", "{7660D53D-647E-4D58-A43B-C5DE3A08115D}"
	ProjectSection(ProjectDependencies) = postProject
		{9C260123-7141-4256-B72D-9B119F67E6BF} = {9C260123-7141-4256-B72D-9B119F67E6BF}
		{E2C0386B-5D7D-4E8B-AC76-382761935F12} = {E2C0386B-5D7D-4E8B-AC76-382761935F12}
	EndProjectSection
EndProject
Project("{8BC9CEB8-8B4A-11D0-8D11-00A0C91BC942}") = "osgdb_osgearth_wms", "wms\osgdb_osgearth_wms.vcxproj", "{720C8D8F-5B0E-4EE0-A703-929E2C44768B}"
	ProjectSection(ProjectDependencies) = postProject
		{9C260123-7141-4256-B72D-9B119F67E6BF} = {9C260123-7141-4256-B72D-9B119F67E6BF}
		{E2C0386B-5D7D-4E8B-AC76-382761935F12} = {E2C0386B-5D7D-4E8B-AC76-382761935F12}
		{237313BB-C5F8-4E21-BDDE-CF246A85F2EA} = {237313BB-C5F8-4E21-BDDE-CF246A85F2EA}
		{18C7EFF5-E600-49AE-9245-53E784BAE0FB} = {18C7EFF5-E600-49AE-9245-53E784BAE0FB}
		{D26D07BA-8576-4EEF-A1F9-473ADBFA41AE} = {D26D07BA-8576-4EEF-A1F9-473ADBFA41AE}
		{DDDEBB4F-5C20-446F-853D-15845C8DC0DE} = {DDDEBB4F-5C20-446F-853D-15845C8DC0DE}
	EndProjectSection
EndProject
Project("{8BC9CEB8-8B4A-11D0-8D11-00A0C91BC942}") = "osgdb_osgearth_xyz", "xyz\osgdb_osgearth_xyz.vcxproj", "{64A158B5-5FF0-4C68-8A22-CEF23E79B16B}"
	ProjectSection(ProjectDependencies) = postProject
		{9C260123-7141-4256-B72D-9B119F67E6BF} = {9C260123-7141-4256-B72D-9B119F67E6BF}
		{E2C0386B-5D7D-4E8B-AC76-382761935F12} = {E2C0386B-5D7D-4E8B-AC76-382761935F12}
		{237313BB-C5F8-4E21-BDDE-CF246A85F2EA} = {237313BB-C5F8-4E21-BDDE-CF246A85F2EA}
		{18C7EFF5-E600-49AE-9245-53E784BAE0FB} = {18C7EFF5-E600-49AE-9245-53E784BAE0FB}
		{D26D07BA-8576-4EEF-A1F9-473ADBFA41AE} = {D26D07BA-8576-4EEF-A1F9-473ADBFA41AE}
		{DDDEBB4F-5C20-446F-853D-15845C8DC0DE} = {DDDEBB4F-5C20-446F-853D-15845C8DC0DE}
	EndProjectSection
EndProject
Project("{8BC9CEB8-8B4A-11D0-8D11-00A0C91BC942}") = "osgdb_osgearth_yahoo", "yahoo\osgdb_osgearth_yahoo.vcxproj", "{2642D1CC-4472-4B55-B742-E67149531CF0}"
	ProjectSection(ProjectDependencies) = postProject
		{9C260123-7141-4256-B72D-9B119F67E6BF} = {9C260123-7141-4256-B72D-9B119F67E6BF}
		{E2C0386B-5D7D-4E8B-AC76-382761935F12} = {E2C0386B-5D7D-4E8B-AC76-382761935F12}
	EndProjectSection
EndProject
Project("{8BC9CEB8-8B4A-11D0-8D11-00A0C91BC942}") = "osgdb_template", "template\osgdb_template.vcxproj", "{AF51AD99-AF71-4A6F-8040-1BCADC576DC8}"
	ProjectSection(ProjectDependencies) = postProject
		{9C260123-7141-4256-B72D-9B119F67E6BF} = {9C260123-7141-4256-B72D-9B119F67E6BF}
		{E2C0386B-5D7D-4E8B-AC76-382761935F12} = {E2C0386B-5D7D-4E8B-AC76-382761935F12}
	EndProjectSection
EndProject
Project("{2150E333-8FDC-42A3-9474-1A3956D46DE8}") = "CMake Targets", "CMake Targets", "{FEF60850-3CBE-4062-B216-8C2FFD657D29}"
EndProject
Project("{2150E333-8FDC-42A3-9474-1A3956D46DE8}") = "Core", "Core", "{484A2B1E-F548-4278-86B7-F1C6B99AB7C0}"
EndProject
Project("{2150E333-8FDC-42A3-9474-1A3956D46DE8}") = "Plugins", "Plugins", "{D9BDD0B4-6690-4E81-9EA6-9E47FAF6CE14}"
EndProject
Global
	GlobalSection(SolutionConfigurationPlatforms) = preSolution
		Debug|Win32 = Debug|Win32
		Release|Win32 = Release|Win32
		MinSizeRel|Win32 = MinSizeRel|Win32
		RelWithDebInfo|Win32 = RelWithDebInfo|Win32
	EndGlobalSection
	GlobalSection(ProjectConfigurationPlatforms) = postSolution
		{EDB6D3D6-099B-476C-9C2A-B47E6D2AE854}.Debug|Win32.ActiveCfg = Debug|Win32
		{EDB6D3D6-099B-476C-9C2A-B47E6D2AE854}.Debug|Win32.Build.0 = Debug|Win32
		{EDB6D3D6-099B-476C-9C2A-B47E6D2AE854}.Release|Win32.ActiveCfg = Release|Win32
		{EDB6D3D6-099B-476C-9C2A-B47E6D2AE854}.Release|Win32.Build.0 = Release|Win32
		{EDB6D3D6-099B-476C-9C2A-B47E6D2AE854}.MinSizeRel|Win32.ActiveCfg = MinSizeRel|Win32
		{EDB6D3D6-099B-476C-9C2A-B47E6D2AE854}.MinSizeRel|Win32.Build.0 = MinSizeRel|Win32
		{EDB6D3D6-099B-476C-9C2A-B47E6D2AE854}.RelWithDebInfo|Win32.ActiveCfg = RelWithDebInfo|Win32
		{EDB6D3D6-099B-476C-9C2A-B47E6D2AE854}.RelWithDebInfo|Win32.Build.0 = RelWithDebInfo|Win32
		{95D53783-874D-40BB-9DA6-74BDD8A499F9}.Debug|Win32.ActiveCfg = Debug|Win32
		{95D53783-874D-40BB-9DA6-74BDD8A499F9}.Release|Win32.ActiveCfg = Release|Win32
		{95D53783-874D-40BB-9DA6-74BDD8A499F9}.MinSizeRel|Win32.ActiveCfg = MinSizeRel|Win32
		{95D53783-874D-40BB-9DA6-74BDD8A499F9}.RelWithDebInfo|Win32.ActiveCfg = RelWithDebInfo|Win32
		{1A3518F8-01A8-48D2-9F64-D66AD2547E48}.Debug|Win32.ActiveCfg = Debug|Win32
		{1A3518F8-01A8-48D2-9F64-D66AD2547E48}.Release|Win32.ActiveCfg = Release|Win32
		{1A3518F8-01A8-48D2-9F64-D66AD2547E48}.MinSizeRel|Win32.ActiveCfg = MinSizeRel|Win32
		{1A3518F8-01A8-48D2-9F64-D66AD2547E48}.RelWithDebInfo|Win32.ActiveCfg = RelWithDebInfo|Win32
		{9C260123-7141-4256-B72D-9B119F67E6BF}.Debug|Win32.ActiveCfg = Debug|Win32
		{9C260123-7141-4256-B72D-9B119F67E6BF}.Debug|Win32.Build.0 = Debug|Win32
		{9C260123-7141-4256-B72D-9B119F67E6BF}.Release|Win32.ActiveCfg = Release|Win32
		{9C260123-7141-4256-B72D-9B119F67E6BF}.Release|Win32.Build.0 = Release|Win32
		{9C260123-7141-4256-B72D-9B119F67E6BF}.MinSizeRel|Win32.ActiveCfg = MinSizeRel|Win32
		{9C260123-7141-4256-B72D-9B119F67E6BF}.MinSizeRel|Win32.Build.0 = MinSizeRel|Win32
		{9C260123-7141-4256-B72D-9B119F67E6BF}.RelWithDebInfo|Win32.ActiveCfg = RelWithDebInfo|Win32
		{9C260123-7141-4256-B72D-9B119F67E6BF}.RelWithDebInfo|Win32.Build.0 = RelWithDebInfo|Win32
		{E2C0386B-5D7D-4E8B-AC76-382761935F12}.Debug|Win32.ActiveCfg = Debug|Win32
		{E2C0386B-5D7D-4E8B-AC76-382761935F12}.Debug|Win32.Build.0 = Debug|Win32
		{E2C0386B-5D7D-4E8B-AC76-382761935F12}.Release|Win32.ActiveCfg = Release|Win32
		{E2C0386B-5D7D-4E8B-AC76-382761935F12}.Release|Win32.Build.0 = Release|Win32
		{E2C0386B-5D7D-4E8B-AC76-382761935F12}.MinSizeRel|Win32.ActiveCfg = MinSizeRel|Win32
		{E2C0386B-5D7D-4E8B-AC76-382761935F12}.MinSizeRel|Win32.Build.0 = MinSizeRel|Win32
		{E2C0386B-5D7D-4E8B-AC76-382761935F12}.RelWithDebInfo|Win32.ActiveCfg = RelWithDebInfo|Win32
		{E2C0386B-5D7D-4E8B-AC76-382761935F12}.RelWithDebInfo|Win32.Build.0 = RelWithDebInfo|Win32
		{237313BB-C5F8-4E21-BDDE-CF246A85F2EA}.Debug|Win32.ActiveCfg = Debug|Win32
		{237313BB-C5F8-4E21-BDDE-CF246A85F2EA}.Debug|Win32.Build.0 = Debug|Win32
		{237313BB-C5F8-4E21-BDDE-CF246A85F2EA}.Release|Win32.ActiveCfg = Release|Win32
		{237313BB-C5F8-4E21-BDDE-CF246A85F2EA}.Release|Win32.Build.0 = Release|Win32
		{237313BB-C5F8-4E21-BDDE-CF246A85F2EA}.MinSizeRel|Win32.ActiveCfg = MinSizeRel|Win32
		{237313BB-C5F8-4E21-BDDE-CF246A85F2EA}.MinSizeRel|Win32.Build.0 = MinSizeRel|Win32
		{237313BB-C5F8-4E21-BDDE-CF246A85F2EA}.RelWithDebInfo|Win32.ActiveCfg = RelWithDebInfo|Win32
		{237313BB-C5F8-4E21-BDDE-CF246A85F2EA}.RelWithDebInfo|Win32.Build.0 = RelWithDebInfo|Win32
		{18C7EFF5-E600-49AE-9245-53E784BAE0FB}.Debug|Win32.ActiveCfg = Debug|Win32
		{18C7EFF5-E600-49AE-9245-53E784BAE0FB}.Debug|Win32.Build.0 = Debug|Win32
		{18C7EFF5-E600-49AE-9245-53E784BAE0FB}.Release|Win32.ActiveCfg = Release|Win32
		{18C7EFF5-E600-49AE-9245-53E784BAE0FB}.Release|Win32.Build.0 = Release|Win32
		{18C7EFF5-E600-49AE-9245-53E784BAE0FB}.MinSizeRel|Win32.ActiveCfg = MinSizeRel|Win32
		{18C7EFF5-E600-49AE-9245-53E784BAE0FB}.MinSizeRel|Win32.Build.0 = MinSizeRel|Win32
		{18C7EFF5-E600-49AE-9245-53E784BAE0FB}.RelWithDebInfo|Win32.ActiveCfg = RelWithDebInfo|Win32
		{18C7EFF5-E600-49AE-9245-53E784BAE0FB}.RelWithDebInfo|Win32.Build.0 = RelWithDebInfo|Win32
		{D26D07BA-8576-4EEF-A1F9-473ADBFA41AE}.Debug|Win32.ActiveCfg = Debug|Win32
		{D26D07BA-8576-4EEF-A1F9-473ADBFA41AE}.Debug|Win32.Build.0 = Debug|Win32
		{D26D07BA-8576-4EEF-A1F9-473ADBFA41AE}.Release|Win32.ActiveCfg = Release|Win32
		{D26D07BA-8576-4EEF-A1F9-473ADBFA41AE}.Release|Win32.Build.0 = Release|Win32
		{D26D07BA-8576-4EEF-A1F9-473ADBFA41AE}.MinSizeRel|Win32.ActiveCfg = MinSizeRel|Win32
		{D26D07BA-8576-4EEF-A1F9-473ADBFA41AE}.MinSizeRel|Win32.Build.0 = MinSizeRel|Win32
		{D26D07BA-8576-4EEF-A1F9-473ADBFA41AE}.RelWithDebInfo|Win32.ActiveCfg = RelWithDebInfo|Win32
		{D26D07BA-8576-4EEF-A1F9-473ADBFA41AE}.RelWithDebInfo|Win32.Build.0 = RelWithDebInfo|Win32
		{DDDEBB4F-5C20-446F-853D-15845C8DC0DE}.Debug|Win32.ActiveCfg = Debug|Win32
		{DDDEBB4F-5C20-446F-853D-15845C8DC0DE}.Debug|Win32.Build.0 = Debug|Win32
		{DDDEBB4F-5C20-446F-853D-15845C8DC0DE}.Release|Win32.ActiveCfg = Release|Win32
		{DDDEBB4F-5C20-446F-853D-15845C8DC0DE}.Release|Win32.Build.0 = Release|Win32
		{DDDEBB4F-5C20-446F-853D-15845C8DC0DE}.MinSizeRel|Win32.ActiveCfg = MinSizeRel|Win32
		{DDDEBB4F-5C20-446F-853D-15845C8DC0DE}.MinSizeRel|Win32.Build.0 = MinSizeRel|Win32
		{DDDEBB4F-5C20-446F-853D-15845C8DC0DE}.RelWithDebInfo|Win32.ActiveCfg = RelWithDebInfo|Win32
		{DDDEBB4F-5C20-446F-853D-15845C8DC0DE}.RelWithDebInfo|Win32.Build.0 = RelWithDebInfo|Win32
		{88BC0E36-BAFC-4B35-B917-FD869D0920C4}.Debug|Win32.ActiveCfg = Debug|Win32
		{88BC0E36-BAFC-4B35-B917-FD869D0920C4}.Debug|Win32.Build.0 = Debug|Win32
		{88BC0E36-BAFC-4B35-B917-FD869D0920C4}.Release|Win32.ActiveCfg = Release|Win32
		{88BC0E36-BAFC-4B35-B917-FD869D0920C4}.Release|Win32.Build.0 = Release|Win32
		{88BC0E36-BAFC-4B35-B917-FD869D0920C4}.MinSizeRel|Win32.ActiveCfg = MinSizeRel|Win32
		{88BC0E36-BAFC-4B35-B917-FD869D0920C4}.MinSizeRel|Win32.Build.0 = MinSizeRel|Win32
		{88BC0E36-BAFC-4B35-B917-FD869D0920C4}.RelWithDebInfo|Win32.ActiveCfg = RelWithDebInfo|Win32
		{88BC0E36-BAFC-4B35-B917-FD869D0920C4}.RelWithDebInfo|Win32.Build.0 = RelWithDebInfo|Win32
		{FE7164CF-68B0-4E14-9848-E9E413302001}.Debug|Win32.ActiveCfg = Debug|Win32
		{FE7164CF-68B0-4E14-9848-E9E413302001}.Debug|Win32.Build.0 = Debug|Win32
		{FE7164CF-68B0-4E14-9848-E9E413302001}.Release|Win32.ActiveCfg = Release|Win32
		{FE7164CF-68B0-4E14-9848-E9E413302001}.Release|Win32.Build.0 = Release|Win32
		{FE7164CF-68B0-4E14-9848-E9E413302001}.MinSizeRel|Win32.ActiveCfg = MinSizeRel|Win32
		{FE7164CF-68B0-4E14-9848-E9E413302001}.MinSizeRel|Win32.Build.0 = MinSizeRel|Win32
		{FE7164CF-68B0-4E14-9848-E9E413302001}.RelWithDebInfo|Win32.ActiveCfg = RelWithDebInfo|Win32
		{FE7164CF-68B0-4E14-9848-E9E413302001}.RelWithDebInfo|Win32.Build.0 = RelWithDebInfo|Win32
		{22FFB812-6C0B-4D65-B8FE-43F58E3EC73C}.Debug|Win32.ActiveCfg = Debug|Win32
		{22FFB812-6C0B-4D65-B8FE-43F58E3EC73C}.Debug|Win32.Build.0 = Debug|Win32
		{22FFB812-6C0B-4D65-B8FE-43F58E3EC73C}.Release|Win32.ActiveCfg = Release|Win32
		{22FFB812-6C0B-4D65-B8FE-43F58E3EC73C}.Release|Win32.Build.0 = Release|Win32
		{22FFB812-6C0B-4D65-B8FE-43F58E3EC73C}.MinSizeRel|Win32.ActiveCfg = MinSizeRel|Win32
		{22FFB812-6C0B-4D65-B8FE-43F58E3EC73C}.MinSizeRel|Win32.Build.0 = MinSizeRel|Win32
		{22FFB812-6C0B-4D65-B8FE-43F58E3EC73C}.RelWithDebInfo|Win32.ActiveCfg = RelWithDebInfo|Win32
		{22FFB812-6C0B-4D65-B8FE-43F58E3EC73C}.RelWithDebInfo|Win32.Build.0 = RelWithDebInfo|Win32
		{08573701-A6AB-43F4-9D49-B5C3923BF798}.Debug|Win32.ActiveCfg = Debug|Win32
		{08573701-A6AB-43F4-9D49-B5C3923BF798}.Debug|Win32.Build.0 = Debug|Win32
		{08573701-A6AB-43F4-9D49-B5C3923BF798}.Release|Win32.ActiveCfg = Release|Win32
		{08573701-A6AB-43F4-9D49-B5C3923BF798}.Release|Win32.Build.0 = Release|Win32
		{08573701-A6AB-43F4-9D49-B5C3923BF798}.MinSizeRel|Win32.ActiveCfg = MinSizeRel|Win32
		{08573701-A6AB-43F4-9D49-B5C3923BF798}.MinSizeRel|Win32.Build.0 = MinSizeRel|Win32
		{08573701-A6AB-43F4-9D49-B5C3923BF798}.RelWithDebInfo|Win32.ActiveCfg = RelWithDebInfo|Win32
		{08573701-A6AB-43F4-9D49-B5C3923BF798}.RelWithDebInfo|Win32.Build.0 = RelWithDebInfo|Win32
		{01EB5DF0-115D-48DD-A2D8-082B3354B01B}.Debug|Win32.ActiveCfg = Debug|Win32
		{01EB5DF0-115D-48DD-A2D8-082B3354B01B}.Debug|Win32.Build.0 = Debug|Win32
		{01EB5DF0-115D-48DD-A2D8-082B3354B01B}.Release|Win32.ActiveCfg = Release|Win32
		{01EB5DF0-115D-48DD-A2D8-082B3354B01B}.Release|Win32.Build.0 = Release|Win32
		{01EB5DF0-115D-48DD-A2D8-082B3354B01B}.MinSizeRel|Win32.ActiveCfg = MinSizeRel|Win32
		{01EB5DF0-115D-48DD-A2D8-082B3354B01B}.MinSizeRel|Win32.Build.0 = MinSizeRel|Win32
		{01EB5DF0-115D-48DD-A2D8-082B3354B01B}.RelWithDebInfo|Win32.ActiveCfg = RelWithDebInfo|Win32
		{01EB5DF0-115D-48DD-A2D8-082B3354B01B}.RelWithDebInfo|Win32.Build.0 = RelWithDebInfo|Win32
		{669E617D-9FA1-4171-BF79-7ACA691E0077}.Debug|Win32.ActiveCfg = Debug|Win32
		{669E617D-9FA1-4171-BF79-7ACA691E0077}.Debug|Win32.Build.0 = Debug|Win32
		{669E617D-9FA1-4171-BF79-7ACA691E0077}.Release|Win32.ActiveCfg = Release|Win32
		{669E617D-9FA1-4171-BF79-7ACA691E0077}.Release|Win32.Build.0 = Release|Win32
		{669E617D-9FA1-4171-BF79-7ACA691E0077}.MinSizeRel|Win32.ActiveCfg = MinSizeRel|Win32
		{669E617D-9FA1-4171-BF79-7ACA691E0077}.MinSizeRel|Win32.Build.0 = MinSizeRel|Win32
		{669E617D-9FA1-4171-BF79-7ACA691E0077}.RelWithDebInfo|Win32.ActiveCfg = RelWithDebInfo|Win32
		{669E617D-9FA1-4171-BF79-7ACA691E0077}.RelWithDebInfo|Win32.Build.0 = RelWithDebInfo|Win32
		{10EC9075-7D89-489A-B1C1-32FBE359E8F1}.Debug|Win32.ActiveCfg = Debug|Win32
		{10EC9075-7D89-489A-B1C1-32FBE359E8F1}.Debug|Win32.Build.0 = Debug|Win32
		{10EC9075-7D89-489A-B1C1-32FBE359E8F1}.Release|Win32.ActiveCfg = Release|Win32
		{10EC9075-7D89-489A-B1C1-32FBE359E8F1}.Release|Win32.Build.0 = Release|Win32
		{10EC9075-7D89-489A-B1C1-32FBE359E8F1}.MinSizeRel|Win32.ActiveCfg = MinSizeRel|Win32
		{10EC9075-7D89-489A-B1C1-32FBE359E8F1}.MinSizeRel|Win32.Build.0 = MinSizeRel|Win32
		{10EC9075-7D89-489A-B1C1-32FBE359E8F1}.RelWithDebInfo|Win32.ActiveCfg = RelWithDebInfo|Win32
		{10EC9075-7D89-489A-B1C1-32FBE359E8F1}.RelWithDebInfo|Win32.Build.0 = RelWithDebInfo|Win32
		{62E52595-E4F5-43EF-BC17-5A58F6246C1F}.Debug|Win32.ActiveCfg = Debug|Win32
		{62E52595-E4F5-43EF-BC17-5A58F6246C1F}.Debug|Win32.Build.0 = Debug|Win32
		{62E52595-E4F5-43EF-BC17-5A58F6246C1F}.Release|Win32.ActiveCfg = Release|Win32
		{62E52595-E4F5-43EF-BC17-5A58F6246C1F}.Release|Win32.Build.0 = Release|Win32
		{62E52595-E4F5-43EF-BC17-5A58F6246C1F}.MinSizeRel|Win32.ActiveCfg = MinSizeRel|Win32
		{62E52595-E4F5-43EF-BC17-5A58F6246C1F}.MinSizeRel|Win32.Build.0 = MinSizeRel|Win32
		{62E52595-E4F5-43EF-BC17-5A58F6246C1F}.RelWithDebInfo|Win32.ActiveCfg = RelWithDebInfo|Win32
		{62E52595-E4F5-43EF-BC17-5A58F6246C1F}.RelWithDebInfo|Win32.Build.0 = RelWithDebInfo|Win32
		{C40E58BF-026D-47D6-BF19-0E4813561F39}.Debug|Win32.ActiveCfg = Debug|Win32
		{C40E58BF-026D-47D6-BF19-0E4813561F39}.Debug|Win32.Build.0 = Debug|Win32
		{C40E58BF-026D-47D6-BF19-0E4813561F39}.Release|Win32.ActiveCfg = Release|Win32
		{C40E58BF-026D-47D6-BF19-0E4813561F39}.Release|Win32.Build.0 = Release|Win32
		{C40E58BF-026D-47D6-BF19-0E4813561F39}.MinSizeRel|Win32.ActiveCfg = MinSizeRel|Win32
		{C40E58BF-026D-47D6-BF19-0E4813561F39}.MinSizeRel|Win32.Build.0 = MinSizeRel|Win32
		{C40E58BF-026D-47D6-BF19-0E4813561F39}.RelWithDebInfo|Win32.ActiveCfg = RelWithDebInfo|Win32
		{C40E58BF-026D-47D6-BF19-0E4813561F39}.RelWithDebInfo|Win32.Build.0 = RelWithDebInfo|Win32
		{E98860B6-1AD0-4AF0-B2F3-190A1531714F}.Debug|Win32.ActiveCfg = Debug|Win32
		{E98860B6-1AD0-4AF0-B2F3-190A1531714F}.Debug|Win32.Build.0 = Debug|Win32
		{E98860B6-1AD0-4AF0-B2F3-190A1531714F}.Release|Win32.ActiveCfg = Release|Win32
		{E98860B6-1AD0-4AF0-B2F3-190A1531714F}.Release|Win32.Build.0 = Release|Win32
		{E98860B6-1AD0-4AF0-B2F3-190A1531714F}.MinSizeRel|Win32.ActiveCfg = MinSizeRel|Win32
		{E98860B6-1AD0-4AF0-B2F3-190A1531714F}.MinSizeRel|Win32.Build.0 = MinSizeRel|Win32
		{E98860B6-1AD0-4AF0-B2F3-190A1531714F}.RelWithDebInfo|Win32.ActiveCfg = RelWithDebInfo|Win32
		{E98860B6-1AD0-4AF0-B2F3-190A1531714F}.RelWithDebInfo|Win32.Build.0 = RelWithDebInfo|Win32
		{FFEFFFAE-4FF0-4719-A4C8-A6703B7E0919}.Debug|Win32.ActiveCfg = Debug|Win32
		{FFEFFFAE-4FF0-4719-A4C8-A6703B7E0919}.Debug|Win32.Build.0 = Debug|Win32
		{FFEFFFAE-4FF0-4719-A4C8-A6703B7E0919}.Release|Win32.ActiveCfg = Release|Win32
		{FFEFFFAE-4FF0-4719-A4C8-A6703B7E0919}.Release|Win32.Build.0 = Release|Win32
		{FFEFFFAE-4FF0-4719-A4C8-A6703B7E0919}.MinSizeRel|Win32.ActiveCfg = MinSizeRel|Win32
		{FFEFFFAE-4FF0-4719-A4C8-A6703B7E0919}.MinSizeRel|Win32.Build.0 = MinSizeRel|Win32
		{FFEFFFAE-4FF0-4719-A4C8-A6703B7E0919}.RelWithDebInfo|Win32.ActiveCfg = RelWithDebInfo|Win32
		{FFEFFFAE-4FF0-4719-A4C8-A6703B7E0919}.RelWithDebInfo|Win32.Build.0 = RelWithDebInfo|Win32
		{00E259EC-DED7-4C86-B37D-008565E57CB9}.Debug|Win32.ActiveCfg = Debug|Win32
		{00E259EC-DED7-4C86-B37D-008565E57CB9}.Debug|Win32.Build.0 = Debug|Win32
		{00E259EC-DED7-4C86-B37D-008565E57CB9}.Release|Win32.ActiveCfg = Release|Win32
		{00E259EC-DED7-4C86-B37D-008565E57CB9}.Release|Win32.Build.0 = Release|Win32
		{00E259EC-DED7-4C86-B37D-008565E57CB9}.MinSizeRel|Win32.ActiveCfg = MinSizeRel|Win32
		{00E259EC-DED7-4C86-B37D-008565E57CB9}.MinSizeRel|Win32.Build.0 = MinSizeRel|Win32
		{00E259EC-DED7-4C86-B37D-008565E57CB9}.RelWithDebInfo|Win32.ActiveCfg = RelWithDebInfo|Win32
		{00E259EC-DED7-4C86-B37D-008565E57CB9}.RelWithDebInfo|Win32.Build.0 = RelWithDebInfo|Win32
		{B3B7BA5A-4C7B-4A74-B4B4-99D9E6C6E991}.Debug|Win32.ActiveCfg = Debug|Win32
		{B3B7BA5A-4C7B-4A74-B4B4-99D9E6C6E991}.Debug|Win32.Build.0 = Debug|Win32
		{B3B7BA5A-4C7B-4A74-B4B4-99D9E6C6E991}.Release|Win32.ActiveCfg = Release|Win32
		{B3B7BA5A-4C7B-4A74-B4B4-99D9E6C6E991}.Release|Win32.Build.0 = Release|Win32
		{B3B7BA5A-4C7B-4A74-B4B4-99D9E6C6E991}.MinSizeRel|Win32.ActiveCfg = MinSizeRel|Win32
		{B3B7BA5A-4C7B-4A74-B4B4-99D9E6C6E991}.MinSizeRel|Win32.Build.0 = MinSizeRel|Win32
		{B3B7BA5A-4C7B-4A74-B4B4-99D9E6C6E991}.RelWithDebInfo|Win32.ActiveCfg = RelWithDebInfo|Win32
		{B3B7BA5A-4C7B-4A74-B4B4-99D9E6C6E991}.RelWithDebInfo|Win32.Build.0 = RelWithDebInfo|Win32
		{0FD49E9F-3677-41B2-9108-D8443AE6FA57}.Debug|Win32.ActiveCfg = Debug|Win32
		{0FD49E9F-3677-41B2-9108-D8443AE6FA57}.Debug|Win32.Build.0 = Debug|Win32
		{0FD49E9F-3677-41B2-9108-D8443AE6FA57}.Release|Win32.ActiveCfg = Release|Win32
		{0FD49E9F-3677-41B2-9108-D8443AE6FA57}.Release|Win32.Build.0 = Release|Win32
		{0FD49E9F-3677-41B2-9108-D8443AE6FA57}.MinSizeRel|Win32.ActiveCfg = MinSizeRel|Win32
		{0FD49E9F-3677-41B2-9108-D8443AE6FA57}.MinSizeRel|Win32.Build.0 = MinSizeRel|Win32
		{0FD49E9F-3677-41B2-9108-D8443AE6FA57}.RelWithDebInfo|Win32.ActiveCfg = RelWithDebInfo|Win32
		{0FD49E9F-3677-41B2-9108-D8443AE6FA57}.RelWithDebInfo|Win32.Build.0 = RelWithDebInfo|Win32
		{9E7A58D0-D5C1-4771-AA33-C0D5E1465899}.Debug|Win32.ActiveCfg = Debug|Win32
		{9E7A58D0-D5C1-4771-AA33-C0D5E1465899}.Debug|Win32.Build.0 = Debug|Win32
		{9E7A58D0-D5C1-4771-AA33-C0D5E1465899}.Release|Win32.ActiveCfg = Release|Win32
		{9E7A58D0-D5C1-4771-AA33-C0D5E1465899}.Release|Win32.Build.0 = Release|Win32
		{9E7A58D0-D5C1-4771-AA33-C0D5E1465899}.MinSizeRel|Win32.ActiveCfg = MinSizeRel|Win32
		{9E7A58D0-D5C1-4771-AA33-C0D5E1465899}.MinSizeRel|Win32.Build.0 = MinSizeRel|Win32
		{9E7A58D0-D5C1-4771-AA33-C0D5E1465899}.RelWithDebInfo|Win32.ActiveCfg = RelWithDebInfo|Win32
		{9E7A58D0-D5C1-4771-AA33-C0D5E1465899}.RelWithDebInfo|Win32.Build.0 = RelWithDebInfo|Win32
		{D25F4C2A-5D4C-4CE2-A79D-3C913FCC2CFA}.Debug|Win32.ActiveCfg = Debug|Win32
		{D25F4C2A-5D4C-4CE2-A79D-3C913FCC2CFA}.Debug|Win32.Build.0 = Debug|Win32
		{D25F4C2A-5D4C-4CE2-A79D-3C913FCC2CFA}.Release|Win32.ActiveCfg = Release|Win32
		{D25F4C2A-5D4C-4CE2-A79D-3C913FCC2CFA}.Release|Win32.Build.0 = Release|Win32
		{D25F4C2A-5D4C-4CE2-A79D-3C913FCC2CFA}.MinSizeRel|Win32.ActiveCfg = MinSizeRel|Win32
		{D25F4C2A-5D4C-4CE2-A79D-3C913FCC2CFA}.MinSizeRel|Win32.Build.0 = MinSizeRel|Win32
		{D25F4C2A-5D4C-4CE2-A79D-3C913FCC2CFA}.RelWithDebInfo|Win32.ActiveCfg = RelWithDebInfo|Win32
		{D25F4C2A-5D4C-4CE2-A79D-3C913FCC2CFA}.RelWithDebInfo|Win32.Build.0 = RelWithDebInfo|Win32
		{7FC8CF6E-5A35-4B3E-9F4E-AA4E9BA603E4}.Debug|Win32.ActiveCfg = Debug|Win32
		{7FC8CF6E-5A35-4B3E-9F4E-AA4E9BA603E4}.Debug|Win32.Build.0 = Debug|Win32
		{7FC8CF6E-5A35-4B3E-9F4E-AA4E9BA603E4}.Release|Win32.ActiveCfg = Release|Win32
		{7FC8CF6E-5A35-4B3E-9F4E-AA4E9BA603E4}.Release|Win32.Build.0 = Release|Win32
		{7FC8CF6E-5A35-4B3E-9F4E-AA4E9BA603E4}.MinSizeRel|Win32.ActiveCfg = MinSizeRel|Win32
		{7FC8CF6E-5A35-4B3E-9F4E-AA4E9BA603E4}.MinSizeRel|Win32.Build.0 = MinSizeRel|Win32
		{7FC8CF6E-5A35-4B3E-9F4E-AA4E9BA603E4}.RelWithDebInfo|Win32.ActiveCfg = RelWithDebInfo|Win32
		{7FC8CF6E-5A35-4B3E-9F4E-AA4E9BA603E4}.RelWithDebInfo|Win32.Build.0 = RelWithDebInfo|Win32
		{57B0C019-45E0-4A7E-98EE-DE3545AAA955}.Debug|Win32.ActiveCfg = Debug|Win32
		{57B0C019-45E0-4A7E-98EE-DE3545AAA955}.Debug|Win32.Build.0 = Debug|Win32
		{57B0C019-45E0-4A7E-98EE-DE3545AAA955}.Release|Win32.ActiveCfg = Release|Win32
		{57B0C019-45E0-4A7E-98EE-DE3545AAA955}.Release|Win32.Build.0 = Release|Win32
		{57B0C019-45E0-4A7E-98EE-DE3545AAA955}.MinSizeRel|Win32.ActiveCfg = MinSizeRel|Win32
		{57B0C019-45E0-4A7E-98EE-DE3545AAA955}.MinSizeRel|Win32.Build.0 = MinSizeRel|Win32
		{57B0C019-45E0-4A7E-98EE-DE3545AAA955}.RelWithDebInfo|Win32.ActiveCfg = RelWithDebInfo|Win32
		{57B0C019-45E0-4A7E-98EE-DE3545AAA955}.RelWithDebInfo|Win32.Build.0 = RelWithDebInfo|Win32
		{551E0E18-88B9-425B-BB1F-888AEF17A964}.Debug|Win32.ActiveCfg = Debug|Win32
		{551E0E18-88B9-425B-BB1F-888AEF17A964}.Debug|Win32.Build.0 = Debug|Win32
		{551E0E18-88B9-425B-BB1F-888AEF17A964}.Release|Win32.ActiveCfg = Release|Win32
		{551E0E18-88B9-425B-BB1F-888AEF17A964}.Release|Win32.Build.0 = Release|Win32
		{551E0E18-88B9-425B-BB1F-888AEF17A964}.MinSizeRel|Win32.ActiveCfg = MinSizeRel|Win32
		{551E0E18-88B9-425B-BB1F-888AEF17A964}.MinSizeRel|Win32.Build.0 = MinSizeRel|Win32
		{551E0E18-88B9-425B-BB1F-888AEF17A964}.RelWithDebInfo|Win32.ActiveCfg = RelWithDebInfo|Win32
		{551E0E18-88B9-425B-BB1F-888AEF17A964}.RelWithDebInfo|Win32.Build.0 = RelWithDebInfo|Win32
		{46A51372-1DCD-4A88-96C7-35B2B60179C7}.Debug|Win32.ActiveCfg = Debug|Win32
		{46A51372-1DCD-4A88-96C7-35B2B60179C7}.Debug|Win32.Build.0 = Debug|Win32
		{46A51372-1DCD-4A88-96C7-35B2B60179C7}.Release|Win32.ActiveCfg = Release|Win32
		{46A51372-1DCD-4A88-96C7-35B2B60179C7}.Release|Win32.Build.0 = Release|Win32
		{46A51372-1DCD-4A88-96C7-35B2B60179C7}.MinSizeRel|Win32.ActiveCfg = MinSizeRel|Win32
		{46A51372-1DCD-4A88-96C7-35B2B60179C7}.MinSizeRel|Win32.Build.0 = MinSizeRel|Win32
		{46A51372-1DCD-4A88-96C7-35B2B60179C7}.RelWithDebInfo|Win32.ActiveCfg = RelWithDebInfo|Win32
		{46A51372-1DCD-4A88-96C7-35B2B60179C7}.RelWithDebInfo|Win32.Build.0 = RelWithDebInfo|Win32
		{496D555E-1B48-4DE4-8100-CC98CCD2D06B}.Debug|Win32.ActiveCfg = Debug|Win32
		{496D555E-1B48-4DE4-8100-CC98CCD2D06B}.Debug|Win32.Build.0 = Debug|Win32
		{496D555E-1B48-4DE4-8100-CC98CCD2D06B}.Release|Win32.ActiveCfg = Release|Win32
		{496D555E-1B48-4DE4-8100-CC98CCD2D06B}.Release|Win32.Build.0 = Release|Win32
		{496D555E-1B48-4DE4-8100-CC98CCD2D06B}.MinSizeRel|Win32.ActiveCfg = MinSizeRel|Win32
		{496D555E-1B48-4DE4-8100-CC98CCD2D06B}.MinSizeRel|Win32.Build.0 = MinSizeRel|Win32
		{496D555E-1B48-4DE4-8100-CC98CCD2D06B}.RelWithDebInfo|Win32.ActiveCfg = RelWithDebInfo|Win32
		{496D555E-1B48-4DE4-8100-CC98CCD2D06B}.RelWithDebInfo|Win32.Build.0 = RelWithDebInfo|Win32
		{9ECFDE50-110B-465D-9930-0F07CF4C201D}.Debug|Win32.ActiveCfg = Debug|Win32
		{9ECFDE50-110B-465D-9930-0F07CF4C201D}.Debug|Win32.Build.0 = Debug|Win32
		{9ECFDE50-110B-465D-9930-0F07CF4C201D}.Release|Win32.ActiveCfg = Release|Win32
		{9ECFDE50-110B-465D-9930-0F07CF4C201D}.Release|Win32.Build.0 = Release|Win32
		{9ECFDE50-110B-465D-9930-0F07CF4C201D}.MinSizeRel|Win32.ActiveCfg = MinSizeRel|Win32
		{9ECFDE50-110B-465D-9930-0F07CF4C201D}.MinSizeRel|Win32.Build.0 = MinSizeRel|Win32
		{9ECFDE50-110B-465D-9930-0F07CF4C201D}.RelWithDebInfo|Win32.ActiveCfg = RelWithDebInfo|Win32
		{9ECFDE50-110B-465D-9930-0F07CF4C201D}.RelWithDebInfo|Win32.Build.0 = RelWithDebInfo|Win32
		{75F30B85-63F4-48D5-949F-BE06DD3AFF46}.Debug|Win32.ActiveCfg = Debug|Win32
		{75F30B85-63F4-48D5-949F-BE06DD3AFF46}.Debug|Win32.Build.0 = Debug|Win32
		{75F30B85-63F4-48D5-949F-BE06DD3AFF46}.Release|Win32.ActiveCfg = Release|Win32
		{75F30B85-63F4-48D5-949F-BE06DD3AFF46}.Release|Win32.Build.0 = Release|Win32
		{75F30B85-63F4-48D5-949F-BE06DD3AFF46}.MinSizeRel|Win32.ActiveCfg = MinSizeRel|Win32
		{75F30B85-63F4-48D5-949F-BE06DD3AFF46}.MinSizeRel|Win32.Build.0 = MinSizeRel|Win32
		{75F30B85-63F4-48D5-949F-BE06DD3AFF46}.RelWithDebInfo|Win32.ActiveCfg = RelWithDebInfo|Win32
		{75F30B85-63F4-48D5-949F-BE06DD3AFF46}.RelWithDebInfo|Win32.Build.0 = RelWithDebInfo|Win32
		{8ABBC914-922F-4BA1-BF9F-0F5314708A74}.Debug|Win32.ActiveCfg = Debug|Win32
		{8ABBC914-922F-4BA1-BF9F-0F5314708A74}.Debug|Win32.Build.0 = Debug|Win32
		{8ABBC914-922F-4BA1-BF9F-0F5314708A74}.Release|Win32.ActiveCfg = Release|Win32
		{8ABBC914-922F-4BA1-BF9F-0F5314708A74}.Release|Win32.Build.0 = Release|Win32
		{8ABBC914-922F-4BA1-BF9F-0F5314708A74}.MinSizeRel|Win32.ActiveCfg = MinSizeRel|Win32
		{8ABBC914-922F-4BA1-BF9F-0F5314708A74}.MinSizeRel|Win32.Build.0 = MinSizeRel|Win32
		{8ABBC914-922F-4BA1-BF9F-0F5314708A74}.RelWithDebInfo|Win32.ActiveCfg = RelWithDebInfo|Win32
		{8ABBC914-922F-4BA1-BF9F-0F5314708A74}.RelWithDebInfo|Win32.Build.0 = RelWithDebInfo|Win32
		{C98518EF-DCA1-49E7-8C9B-77E48173D8A4}.Debug|Win32.ActiveCfg = Debug|Win32
		{C98518EF-DCA1-49E7-8C9B-77E48173D8A4}.Debug|Win32.Build.0 = Debug|Win32
		{C98518EF-DCA1-49E7-8C9B-77E48173D8A4}.Release|Win32.ActiveCfg = Release|Win32
		{C98518EF-DCA1-49E7-8C9B-77E48173D8A4}.Release|Win32.Build.0 = Release|Win32
		{C98518EF-DCA1-49E7-8C9B-77E48173D8A4}.MinSizeRel|Win32.ActiveCfg = MinSizeRel|Win32
		{C98518EF-DCA1-49E7-8C9B-77E48173D8A4}.MinSizeRel|Win32.Build.0 = MinSizeRel|Win32
		{C98518EF-DCA1-49E7-8C9B-77E48173D8A4}.RelWithDebInfo|Win32.ActiveCfg = RelWithDebInfo|Win32
		{C98518EF-DCA1-49E7-8C9B-77E48173D8A4}.RelWithDebInfo|Win32.Build.0 = RelWithDebInfo|Win32
		{49879937-1F60-406D-82CE-C795D4B27DB0}.Debug|Win32.ActiveCfg = Debug|Win32
		{49879937-1F60-406D-82CE-C795D4B27DB0}.Debug|Win32.Build.0 = Debug|Win32
		{49879937-1F60-406D-82CE-C795D4B27DB0}.Release|Win32.ActiveCfg = Release|Win32
		{49879937-1F60-406D-82CE-C795D4B27DB0}.Release|Win32.Build.0 = Release|Win32
		{49879937-1F60-406D-82CE-C795D4B27DB0}.MinSizeRel|Win32.ActiveCfg = MinSizeRel|Win32
		{49879937-1F60-406D-82CE-C795D4B27DB0}.MinSizeRel|Win32.Build.0 = MinSizeRel|Win32
		{49879937-1F60-406D-82CE-C795D4B27DB0}.RelWithDebInfo|Win32.ActiveCfg = RelWithDebInfo|Win32
		{49879937-1F60-406D-82CE-C795D4B27DB0}.RelWithDebInfo|Win32.Build.0 = RelWithDebInfo|Win32
		{14739202-3E99-4C65-B3AA-1799F950E847}.Debug|Win32.ActiveCfg = Debug|Win32
		{14739202-3E99-4C65-B3AA-1799F950E847}.Debug|Win32.Build.0 = Debug|Win32
		{14739202-3E99-4C65-B3AA-1799F950E847}.Release|Win32.ActiveCfg = Release|Win32
		{14739202-3E99-4C65-B3AA-1799F950E847}.Release|Win32.Build.0 = Release|Win32
		{14739202-3E99-4C65-B3AA-1799F950E847}.MinSizeRel|Win32.ActiveCfg = MinSizeRel|Win32
		{14739202-3E99-4C65-B3AA-1799F950E847}.MinSizeRel|Win32.Build.0 = MinSizeRel|Win32
		{14739202-3E99-4C65-B3AA-1799F950E847}.RelWithDebInfo|Win32.ActiveCfg = RelWithDebInfo|Win32
		{14739202-3E99-4C65-B3AA-1799F950E847}.RelWithDebInfo|Win32.Build.0 = RelWithDebInfo|Win32
		{34FCA305-75E2-4306-841E-33061D60577B}.Debug|Win32.ActiveCfg = Debug|Win32
		{34FCA305-75E2-4306-841E-33061D60577B}.Debug|Win32.Build.0 = Debug|Win32
		{34FCA305-75E2-4306-841E-33061D60577B}.Release|Win32.ActiveCfg = Release|Win32
		{34FCA305-75E2-4306-841E-33061D60577B}.Release|Win32.Build.0 = Release|Win32
		{34FCA305-75E2-4306-841E-33061D60577B}.MinSizeRel|Win32.ActiveCfg = MinSizeRel|Win32
		{34FCA305-75E2-4306-841E-33061D60577B}.MinSizeRel|Win32.Build.0 = MinSizeRel|Win32
		{34FCA305-75E2-4306-841E-33061D60577B}.RelWithDebInfo|Win32.ActiveCfg = RelWithDebInfo|Win32
		{34FCA305-75E2-4306-841E-33061D60577B}.RelWithDebInfo|Win32.Build.0 = RelWithDebInfo|Win32
		{7E94E695-EF10-4E07-A839-FE63EFE10748}.Debug|Win32.ActiveCfg = Debug|Win32
		{7E94E695-EF10-4E07-A839-FE63EFE10748}.Debug|Win32.Build.0 = Debug|Win32
		{7E94E695-EF10-4E07-A839-FE63EFE10748}.Release|Win32.ActiveCfg = Release|Win32
		{7E94E695-EF10-4E07-A839-FE63EFE10748}.Release|Win32.Build.0 = Release|Win32
		{7E94E695-EF10-4E07-A839-FE63EFE10748}.MinSizeRel|Win32.ActiveCfg = MinSizeRel|Win32
		{7E94E695-EF10-4E07-A839-FE63EFE10748}.MinSizeRel|Win32.Build.0 = MinSizeRel|Win32
		{7E94E695-EF10-4E07-A839-FE63EFE10748}.RelWithDebInfo|Win32.ActiveCfg = RelWithDebInfo|Win32
		{7E94E695-EF10-4E07-A839-FE63EFE10748}.RelWithDebInfo|Win32.Build.0 = RelWithDebInfo|Win32
		{EB00136D-2CE3-494F-89C6-A264DEDE200F}.Debug|Win32.ActiveCfg = Debug|Win32
		{EB00136D-2CE3-494F-89C6-A264DEDE200F}.Debug|Win32.Build.0 = Debug|Win32
		{EB00136D-2CE3-494F-89C6-A264DEDE200F}.Release|Win32.ActiveCfg = Release|Win32
		{EB00136D-2CE3-494F-89C6-A264DEDE200F}.Release|Win32.Build.0 = Release|Win32
		{EB00136D-2CE3-494F-89C6-A264DEDE200F}.MinSizeRel|Win32.ActiveCfg = MinSizeRel|Win32
		{EB00136D-2CE3-494F-89C6-A264DEDE200F}.MinSizeRel|Win32.Build.0 = MinSizeRel|Win32
		{EB00136D-2CE3-494F-89C6-A264DEDE200F}.RelWithDebInfo|Win32.ActiveCfg = RelWithDebInfo|Win32
		{EB00136D-2CE3-494F-89C6-A264DEDE200F}.RelWithDebInfo|Win32.Build.0 = RelWithDebInfo|Win32
		{B99C4772-079C-4EC4-994A-47F25ED79883}.Debug|Win32.ActiveCfg = Debug|Win32
		{B99C4772-079C-4EC4-994A-47F25ED79883}.Debug|Win32.Build.0 = Debug|Win32
		{B99C4772-079C-4EC4-994A-47F25ED79883}.Release|Win32.ActiveCfg = Release|Win32
		{B99C4772-079C-4EC4-994A-47F25ED79883}.Release|Win32.Build.0 = Release|Win32
		{B99C4772-079C-4EC4-994A-47F25ED79883}.MinSizeRel|Win32.ActiveCfg = MinSizeRel|Win32
		{B99C4772-079C-4EC4-994A-47F25ED79883}.MinSizeRel|Win32.Build.0 = MinSizeRel|Win32
		{B99C4772-079C-4EC4-994A-47F25ED79883}.RelWithDebInfo|Win32.ActiveCfg = RelWithDebInfo|Win32
		{B99C4772-079C-4EC4-994A-47F25ED79883}.RelWithDebInfo|Win32.Build.0 = RelWithDebInfo|Win32
		{8A69C1D3-DB8B-4193-8DE3-2F701951A188}.Debug|Win32.ActiveCfg = Debug|Win32
		{8A69C1D3-DB8B-4193-8DE3-2F701951A188}.Debug|Win32.Build.0 = Debug|Win32
		{8A69C1D3-DB8B-4193-8DE3-2F701951A188}.Release|Win32.ActiveCfg = Release|Win32
		{8A69C1D3-DB8B-4193-8DE3-2F701951A188}.Release|Win32.Build.0 = Release|Win32
		{8A69C1D3-DB8B-4193-8DE3-2F701951A188}.MinSizeRel|Win32.ActiveCfg = MinSizeRel|Win32
		{8A69C1D3-DB8B-4193-8DE3-2F701951A188}.MinSizeRel|Win32.Build.0 = MinSizeRel|Win32
		{8A69C1D3-DB8B-4193-8DE3-2F701951A188}.RelWithDebInfo|Win32.ActiveCfg = RelWithDebInfo|Win32
		{8A69C1D3-DB8B-4193-8DE3-2F701951A188}.RelWithDebInfo|Win32.Build.0 = RelWithDebInfo|Win32
		{ADE60704-DA64-40E6-8914-72ABAB5CB347}.Debug|Win32.ActiveCfg = Debug|Win32
		{ADE60704-DA64-40E6-8914-72ABAB5CB347}.Debug|Win32.Build.0 = Debug|Win32
		{ADE60704-DA64-40E6-8914-72ABAB5CB347}.Release|Win32.ActiveCfg = Release|Win32
		{ADE60704-DA64-40E6-8914-72ABAB5CB347}.Release|Win32.Build.0 = Release|Win32
		{ADE60704-DA64-40E6-8914-72ABAB5CB347}.MinSizeRel|Win32.ActiveCfg = MinSizeRel|Win32
		{ADE60704-DA64-40E6-8914-72ABAB5CB347}.MinSizeRel|Win32.Build.0 = MinSizeRel|Win32
		{ADE60704-DA64-40E6-8914-72ABAB5CB347}.RelWithDebInfo|Win32.ActiveCfg = RelWithDebInfo|Win32
		{ADE60704-DA64-40E6-8914-72ABAB5CB347}.RelWithDebInfo|Win32.Build.0 = RelWithDebInfo|Win32
		{5BC489EA-3D2E-4528-9A41-443F266C89AA}.Debug|Win32.ActiveCfg = Debug|Win32
		{5BC489EA-3D2E-4528-9A41-443F266C89AA}.Debug|Win32.Build.0 = Debug|Win32
		{5BC489EA-3D2E-4528-9A41-443F266C89AA}.Release|Win32.ActiveCfg = Release|Win32
		{5BC489EA-3D2E-4528-9A41-443F266C89AA}.Release|Win32.Build.0 = Release|Win32
		{5BC489EA-3D2E-4528-9A41-443F266C89AA}.MinSizeRel|Win32.ActiveCfg = MinSizeRel|Win32
		{5BC489EA-3D2E-4528-9A41-443F266C89AA}.MinSizeRel|Win32.Build.0 = MinSizeRel|Win32
		{5BC489EA-3D2E-4528-9A41-443F266C89AA}.RelWithDebInfo|Win32.ActiveCfg = RelWithDebInfo|Win32
		{5BC489EA-3D2E-4528-9A41-443F266C89AA}.RelWithDebInfo|Win32.Build.0 = RelWithDebInfo|Win32
		{71454EFF-2C9D-4BCD-8A40-33367FE65C6D}.Debug|Win32.ActiveCfg = Debug|Win32
		{71454EFF-2C9D-4BCD-8A40-33367FE65C6D}.Debug|Win32.Build.0 = Debug|Win32
		{71454EFF-2C9D-4BCD-8A40-33367FE65C6D}.Release|Win32.ActiveCfg = Release|Win32
		{71454EFF-2C9D-4BCD-8A40-33367FE65C6D}.Release|Win32.Build.0 = Release|Win32
		{71454EFF-2C9D-4BCD-8A40-33367FE65C6D}.MinSizeRel|Win32.ActiveCfg = MinSizeRel|Win32
		{71454EFF-2C9D-4BCD-8A40-33367FE65C6D}.MinSizeRel|Win32.Build.0 = MinSizeRel|Win32
		{71454EFF-2C9D-4BCD-8A40-33367FE65C6D}.RelWithDebInfo|Win32.ActiveCfg = RelWithDebInfo|Win32
		{71454EFF-2C9D-4BCD-8A40-33367FE65C6D}.RelWithDebInfo|Win32.Build.0 = RelWithDebInfo|Win32
		{8363D3F0-64A1-4B63-9DA6-F1CB7798EF18}.Debug|Win32.ActiveCfg = Debug|Win32
		{8363D3F0-64A1-4B63-9DA6-F1CB7798EF18}.Debug|Win32.Build.0 = Debug|Win32
		{8363D3F0-64A1-4B63-9DA6-F1CB7798EF18}.Release|Win32.ActiveCfg = Release|Win32
		{8363D3F0-64A1-4B63-9DA6-F1CB7798EF18}.Release|Win32.Build.0 = Release|Win32
		{8363D3F0-64A1-4B63-9DA6-F1CB7798EF18}.MinSizeRel|Win32.ActiveCfg = MinSizeRel|Win32
		{8363D3F0-64A1-4B63-9DA6-F1CB7798EF18}.MinSizeRel|Win32.Build.0 = MinSizeRel|Win32
		{8363D3F0-64A1-4B63-9DA6-F1CB7798EF18}.RelWithDebInfo|Win32.ActiveCfg = RelWithDebInfo|Win32
		{8363D3F0-64A1-4B63-9DA6-F1CB7798EF18}.RelWithDebInfo|Win32.Build.0 = RelWithDebInfo|Win32
		{5383B842-2D6C-4B33-9611-2D8D4E6884D2}.Debug|Win32.ActiveCfg = Debug|Win32
		{5383B842-2D6C-4B33-9611-2D8D4E6884D2}.Debug|Win32.Build.0 = Debug|Win32
		{5383B842-2D6C-4B33-9611-2D8D4E6884D2}.Release|Win32.ActiveCfg = Release|Win32
		{5383B842-2D6C-4B33-9611-2D8D4E6884D2}.Release|Win32.Build.0 = Release|Win32
		{5383B842-2D6C-4B33-9611-2D8D4E6884D2}.MinSizeRel|Win32.ActiveCfg = MinSizeRel|Win32
		{5383B842-2D6C-4B33-9611-2D8D4E6884D2}.MinSizeRel|Win32.Build.0 = MinSizeRel|Win32
		{5383B842-2D6C-4B33-9611-2D8D4E6884D2}.RelWithDebInfo|Win32.ActiveCfg = RelWithDebInfo|Win32
		{5383B842-2D6C-4B33-9611-2D8D4E6884D2}.RelWithDebInfo|Win32.Build.0 = RelWithDebInfo|Win32
		{937A0ADF-6B8B-40FE-A6DB-A018363A7DB6}.Debug|Win32.ActiveCfg = Debug|Win32
		{937A0ADF-6B8B-40FE-A6DB-A018363A7DB6}.Debug|Win32.Build.0 = Debug|Win32
		{937A0ADF-6B8B-40FE-A6DB-A018363A7DB6}.Release|Win32.ActiveCfg = Release|Win32
		{937A0ADF-6B8B-40FE-A6DB-A018363A7DB6}.Release|Win32.Build.0 = Release|Win32
		{937A0ADF-6B8B-40FE-A6DB-A018363A7DB6}.MinSizeRel|Win32.ActiveCfg = MinSizeRel|Win32
		{937A0ADF-6B8B-40FE-A6DB-A018363A7DB6}.MinSizeRel|Win32.Build.0 = MinSizeRel|Win32
		{937A0ADF-6B8B-40FE-A6DB-A018363A7DB6}.RelWithDebInfo|Win32.ActiveCfg = RelWithDebInfo|Win32
		{937A0ADF-6B8B-40FE-A6DB-A018363A7DB6}.RelWithDebInfo|Win32.Build.0 = RelWithDebInfo|Win32
		{C4EC9EBA-923D-4D82-B7D6-A429BB37E4F2}.Debug|Win32.ActiveCfg = Debug|Win32
		{C4EC9EBA-923D-4D82-B7D6-A429BB37E4F2}.Debug|Win32.Build.0 = Debug|Win32
		{C4EC9EBA-923D-4D82-B7D6-A429BB37E4F2}.Release|Win32.ActiveCfg = Release|Win32
		{C4EC9EBA-923D-4D82-B7D6-A429BB37E4F2}.Release|Win32.Build.0 = Release|Win32
		{C4EC9EBA-923D-4D82-B7D6-A429BB37E4F2}.MinSizeRel|Win32.ActiveCfg = MinSizeRel|Win32
		{C4EC9EBA-923D-4D82-B7D6-A429BB37E4F2}.MinSizeRel|Win32.Build.0 = MinSizeRel|Win32
		{C4EC9EBA-923D-4D82-B7D6-A429BB37E4F2}.RelWithDebInfo|Win32.ActiveCfg = RelWithDebInfo|Win32
		{C4EC9EBA-923D-4D82-B7D6-A429BB37E4F2}.RelWithDebInfo|Win32.Build.0 = RelWithDebInfo|Win32
		{87F66C17-36EA-4B03-A3AD-6C79948C7A1B}.Debug|Win32.ActiveCfg = Debug|Win32
		{87F66C17-36EA-4B03-A3AD-6C79948C7A1B}.Debug|Win32.Build.0 = Debug|Win32
		{87F66C17-36EA-4B03-A3AD-6C79948C7A1B}.Release|Win32.ActiveCfg = Release|Win32
		{87F66C17-36EA-4B03-A3AD-6C79948C7A1B}.Release|Win32.Build.0 = Release|Win32
		{87F66C17-36EA-4B03-A3AD-6C79948C7A1B}.MinSizeRel|Win32.ActiveCfg = MinSizeRel|Win32
		{87F66C17-36EA-4B03-A3AD-6C79948C7A1B}.MinSizeRel|Win32.Build.0 = MinSizeRel|Win32
		{87F66C17-36EA-4B03-A3AD-6C79948C7A1B}.RelWithDebInfo|Win32.ActiveCfg = RelWithDebInfo|Win32
		{87F66C17-36EA-4B03-A3AD-6C79948C7A1B}.RelWithDebInfo|Win32.Build.0 = RelWithDebInfo|Win32
		{30B0A5CA-5E45-4EEC-AFD4-097DD95432F0}.Debug|Win32.ActiveCfg = Debug|Win32
		{30B0A5CA-5E45-4EEC-AFD4-097DD95432F0}.Debug|Win32.Build.0 = Debug|Win32
		{30B0A5CA-5E45-4EEC-AFD4-097DD95432F0}.Release|Win32.ActiveCfg = Release|Win32
		{30B0A5CA-5E45-4EEC-AFD4-097DD95432F0}.Release|Win32.Build.0 = Release|Win32
		{30B0A5CA-5E45-4EEC-AFD4-097DD95432F0}.MinSizeRel|Win32.ActiveCfg = MinSizeRel|Win32
		{30B0A5CA-5E45-4EEC-AFD4-097DD95432F0}.MinSizeRel|Win32.Build.0 = MinSizeRel|Win32
		{30B0A5CA-5E45-4EEC-AFD4-097DD95432F0}.RelWithDebInfo|Win32.ActiveCfg = RelWithDebInfo|Win32
		{30B0A5CA-5E45-4EEC-AFD4-097DD95432F0}.RelWithDebInfo|Win32.Build.0 = RelWithDebInfo|Win32
		{67EFF4E5-B7F6-4230-9D55-85383C6689D3}.Debug|Win32.ActiveCfg = Debug|Win32
		{67EFF4E5-B7F6-4230-9D55-85383C6689D3}.Debug|Win32.Build.0 = Debug|Win32
		{67EFF4E5-B7F6-4230-9D55-85383C6689D3}.Release|Win32.ActiveCfg = Release|Win32
		{67EFF4E5-B7F6-4230-9D55-85383C6689D3}.Release|Win32.Build.0 = Release|Win32
		{67EFF4E5-B7F6-4230-9D55-85383C6689D3}.MinSizeRel|Win32.ActiveCfg = MinSizeRel|Win32
		{67EFF4E5-B7F6-4230-9D55-85383C6689D3}.MinSizeRel|Win32.Build.0 = MinSizeRel|Win32
		{67EFF4E5-B7F6-4230-9D55-85383C6689D3}.RelWithDebInfo|Win32.ActiveCfg = RelWithDebInfo|Win32
		{67EFF4E5-B7F6-4230-9D55-85383C6689D3}.RelWithDebInfo|Win32.Build.0 = RelWithDebInfo|Win32
		{CA7402BD-A73B-45AE-8F9F-C95D4989C6F6}.Debug|Win32.ActiveCfg = Debug|Win32
		{CA7402BD-A73B-45AE-8F9F-C95D4989C6F6}.Debug|Win32.Build.0 = Debug|Win32
		{CA7402BD-A73B-45AE-8F9F-C95D4989C6F6}.Release|Win32.ActiveCfg = Release|Win32
		{CA7402BD-A73B-45AE-8F9F-C95D4989C6F6}.Release|Win32.Build.0 = Release|Win32
		{CA7402BD-A73B-45AE-8F9F-C95D4989C6F6}.MinSizeRel|Win32.ActiveCfg = MinSizeRel|Win32
		{CA7402BD-A73B-45AE-8F9F-C95D4989C6F6}.MinSizeRel|Win32.Build.0 = MinSizeRel|Win32
		{CA7402BD-A73B-45AE-8F9F-C95D4989C6F6}.RelWithDebInfo|Win32.ActiveCfg = RelWithDebInfo|Win32
		{CA7402BD-A73B-45AE-8F9F-C95D4989C6F6}.RelWithDebInfo|Win32.Build.0 = RelWithDebInfo|Win32
		{7BD79709-3D12-4050-976F-FC7E49A66F37}.Debug|Win32.ActiveCfg = Debug|Win32
		{7BD79709-3D12-4050-976F-FC7E49A66F37}.Debug|Win32.Build.0 = Debug|Win32
		{7BD79709-3D12-4050-976F-FC7E49A66F37}.Release|Win32.ActiveCfg = Release|Win32
		{7BD79709-3D12-4050-976F-FC7E49A66F37}.Release|Win32.Build.0 = Release|Win32
		{7BD79709-3D12-4050-976F-FC7E49A66F37}.MinSizeRel|Win32.ActiveCfg = MinSizeRel|Win32
		{7BD79709-3D12-4050-976F-FC7E49A66F37}.MinSizeRel|Win32.Build.0 = MinSizeRel|Win32
		{7BD79709-3D12-4050-976F-FC7E49A66F37}.RelWithDebInfo|Win32.ActiveCfg = RelWithDebInfo|Win32
		{7BD79709-3D12-4050-976F-FC7E49A66F37}.RelWithDebInfo|Win32.Build.0 = RelWithDebInfo|Win32
		{12F7C25A-65E8-460B-A0CC-2B6513F5E7B8}.Debug|Win32.ActiveCfg = Debug|Win32
		{12F7C25A-65E8-460B-A0CC-2B6513F5E7B8}.Debug|Win32.Build.0 = Debug|Win32
		{12F7C25A-65E8-460B-A0CC-2B6513F5E7B8}.Release|Win32.ActiveCfg = Release|Win32
		{12F7C25A-65E8-460B-A0CC-2B6513F5E7B8}.Release|Win32.Build.0 = Release|Win32
		{12F7C25A-65E8-460B-A0CC-2B6513F5E7B8}.MinSizeRel|Win32.ActiveCfg = MinSizeRel|Win32
		{12F7C25A-65E8-460B-A0CC-2B6513F5E7B8}.MinSizeRel|Win32.Build.0 = MinSizeRel|Win32
		{12F7C25A-65E8-460B-A0CC-2B6513F5E7B8}.RelWithDebInfo|Win32.ActiveCfg = RelWithDebInfo|Win32
		{12F7C25A-65E8-460B-A0CC-2B6513F5E7B8}.RelWithDebInfo|Win32.Build.0 = RelWithDebInfo|Win32
		{5A7753D0-4EAF-48F4-A5CF-BA18A7E9356D}.Debug|Win32.ActiveCfg = Debug|Win32
		{5A7753D0-4EAF-48F4-A5CF-BA18A7E9356D}.Debug|Win32.Build.0 = Debug|Win32
		{5A7753D0-4EAF-48F4-A5CF-BA18A7E9356D}.Release|Win32.ActiveCfg = Release|Win32
		{5A7753D0-4EAF-48F4-A5CF-BA18A7E9356D}.Release|Win32.Build.0 = Release|Win32
		{5A7753D0-4EAF-48F4-A5CF-BA18A7E9356D}.MinSizeRel|Win32.ActiveCfg = MinSizeRel|Win32
		{5A7753D0-4EAF-48F4-A5CF-BA18A7E9356D}.MinSizeRel|Win32.Build.0 = MinSizeRel|Win32
		{5A7753D0-4EAF-48F4-A5CF-BA18A7E9356D}.RelWithDebInfo|Win32.ActiveCfg = RelWithDebInfo|Win32
		{5A7753D0-4EAF-48F4-A5CF-BA18A7E9356D}.RelWithDebInfo|Win32.Build.0 = RelWithDebInfo|Win32
		{BE5AC7BC-B374-4ED9-908E-3E9908252626}.Debug|Win32.ActiveCfg = Debug|Win32
		{BE5AC7BC-B374-4ED9-908E-3E9908252626}.Debug|Win32.Build.0 = Debug|Win32
		{BE5AC7BC-B374-4ED9-908E-3E9908252626}.Release|Win32.ActiveCfg = Release|Win32
		{BE5AC7BC-B374-4ED9-908E-3E9908252626}.Release|Win32.Build.0 = Release|Win32
		{BE5AC7BC-B374-4ED9-908E-3E9908252626}.MinSizeRel|Win32.ActiveCfg = MinSizeRel|Win32
		{BE5AC7BC-B374-4ED9-908E-3E9908252626}.MinSizeRel|Win32.Build.0 = MinSizeRel|Win32
		{BE5AC7BC-B374-4ED9-908E-3E9908252626}.RelWithDebInfo|Win32.ActiveCfg = RelWithDebInfo|Win32
		{BE5AC7BC-B374-4ED9-908E-3E9908252626}.RelWithDebInfo|Win32.Build.0 = RelWithDebInfo|Win32
		{5CD4FA30-2EC3-4A48-9D18-A2EBDCA09891}.Debug|Win32.ActiveCfg = Debug|Win32
		{5CD4FA30-2EC3-4A48-9D18-A2EBDCA09891}.Debug|Win32.Build.0 = Debug|Win32
		{5CD4FA30-2EC3-4A48-9D18-A2EBDCA09891}.Release|Win32.ActiveCfg = Release|Win32
		{5CD4FA30-2EC3-4A48-9D18-A2EBDCA09891}.Release|Win32.Build.0 = Release|Win32
		{5CD4FA30-2EC3-4A48-9D18-A2EBDCA09891}.MinSizeRel|Win32.ActiveCfg = MinSizeRel|Win32
		{5CD4FA30-2EC3-4A48-9D18-A2EBDCA09891}.MinSizeRel|Win32.Build.0 = MinSizeRel|Win32
		{5CD4FA30-2EC3-4A48-9D18-A2EBDCA09891}.RelWithDebInfo|Win32.ActiveCfg = RelWithDebInfo|Win32
		{5CD4FA30-2EC3-4A48-9D18-A2EBDCA09891}.RelWithDebInfo|Win32.Build.0 = RelWithDebInfo|Win32
		{E3D7C49B-BEB8-4E03-AF60-355C76EDC2A6}.Debug|Win32.ActiveCfg = Debug|Win32
		{E3D7C49B-BEB8-4E03-AF60-355C76EDC2A6}.Debug|Win32.Build.0 = Debug|Win32
		{E3D7C49B-BEB8-4E03-AF60-355C76EDC2A6}.Release|Win32.ActiveCfg = Release|Win32
		{E3D7C49B-BEB8-4E03-AF60-355C76EDC2A6}.Release|Win32.Build.0 = Release|Win32
		{E3D7C49B-BEB8-4E03-AF60-355C76EDC2A6}.MinSizeRel|Win32.ActiveCfg = MinSizeRel|Win32
		{E3D7C49B-BEB8-4E03-AF60-355C76EDC2A6}.MinSizeRel|Win32.Build.0 = MinSizeRel|Win32
		{E3D7C49B-BEB8-4E03-AF60-355C76EDC2A6}.RelWithDebInfo|Win32.ActiveCfg = RelWithDebInfo|Win32
		{E3D7C49B-BEB8-4E03-AF60-355C76EDC2A6}.RelWithDebInfo|Win32.Build.0 = RelWithDebInfo|Win32
		{93454F31-3F80-4133-AF40-F859D5036DC0}.Debug|Win32.ActiveCfg = Debug|Win32
		{93454F31-3F80-4133-AF40-F859D5036DC0}.Debug|Win32.Build.0 = Debug|Win32
		{93454F31-3F80-4133-AF40-F859D5036DC0}.Release|Win32.ActiveCfg = Release|Win32
		{93454F31-3F80-4133-AF40-F859D5036DC0}.Release|Win32.Build.0 = Release|Win32
		{93454F31-3F80-4133-AF40-F859D5036DC0}.MinSizeRel|Win32.ActiveCfg = MinSizeRel|Win32
		{93454F31-3F80-4133-AF40-F859D5036DC0}.MinSizeRel|Win32.Build.0 = MinSizeRel|Win32
		{93454F31-3F80-4133-AF40-F859D5036DC0}.RelWithDebInfo|Win32.ActiveCfg = RelWithDebInfo|Win32
		{93454F31-3F80-4133-AF40-F859D5036DC0}.RelWithDebInfo|Win32.Build.0 = RelWithDebInfo|Win32
		{7660D53D-647E-4D58-A43B-C5DE3A08115D}.Debug|Win32.ActiveCfg = Debug|Win32
		{7660D53D-647E-4D58-A43B-C5DE3A08115D}.Debug|Win32.Build.0 = Debug|Win32
		{7660D53D-647E-4D58-A43B-C5DE3A08115D}.Release|Win32.ActiveCfg = Release|Win32
		{7660D53D-647E-4D58-A43B-C5DE3A08115D}.Release|Win32.Build.0 = Release|Win32
		{7660D53D-647E-4D58-A43B-C5DE3A08115D}.MinSizeRel|Win32.ActiveCfg = MinSizeRel|Win32
		{7660D53D-647E-4D58-A43B-C5DE3A08115D}.MinSizeRel|Win32.Build.0 = MinSizeRel|Win32
		{7660D53D-647E-4D58-A43B-C5DE3A08115D}.RelWithDebInfo|Win32.ActiveCfg = RelWithDebInfo|Win32
		{7660D53D-647E-4D58-A43B-C5DE3A08115D}.RelWithDebInfo|Win32.Build.0 = RelWithDebInfo|Win32
		{720C8D8F-5B0E-4EE0-A703-929E2C44768B}.Debug|Win32.ActiveCfg = Debug|Win32
		{720C8D8F-5B0E-4EE0-A703-929E2C44768B}.Debug|Win32.Build.0 = Debug|Win32
		{720C8D8F-5B0E-4EE0-A703-929E2C44768B}.Release|Win32.ActiveCfg = Release|Win32
		{720C8D8F-5B0E-4EE0-A703-929E2C44768B}.Release|Win32.Build.0 = Release|Win32
		{720C8D8F-5B0E-4EE0-A703-929E2C44768B}.MinSizeRel|Win32.ActiveCfg = MinSizeRel|Win32
		{720C8D8F-5B0E-4EE0-A703-929E2C44768B}.MinSizeRel|Win32.Build.0 = MinSizeRel|Win32
		{720C8D8F-5B0E-4EE0-A703-929E2C44768B}.RelWithDebInfo|Win32.ActiveCfg = RelWithDebInfo|Win32
		{720C8D8F-5B0E-4EE0-A703-929E2C44768B}.RelWithDebInfo|Win32.Build.0 = RelWithDebInfo|Win32
		{64A158B5-5FF0-4C68-8A22-CEF23E79B16B}.Debug|Win32.ActiveCfg = Debug|Win32
		{64A158B5-5FF0-4C68-8A22-CEF23E79B16B}.Debug|Win32.Build.0 = Debug|Win32
		{64A158B5-5FF0-4C68-8A22-CEF23E79B16B}.Release|Win32.ActiveCfg = Release|Win32
		{64A158B5-5FF0-4C68-8A22-CEF23E79B16B}.Release|Win32.Build.0 = Release|Win32
		{64A158B5-5FF0-4C68-8A22-CEF23E79B16B}.MinSizeRel|Win32.ActiveCfg = MinSizeRel|Win32
		{64A158B5-5FF0-4C68-8A22-CEF23E79B16B}.MinSizeRel|Win32.Build.0 = MinSizeRel|Win32
		{64A158B5-5FF0-4C68-8A22-CEF23E79B16B}.RelWithDebInfo|Win32.ActiveCfg = RelWithDebInfo|Win32
		{64A158B5-5FF0-4C68-8A22-CEF23E79B16B}.RelWithDebInfo|Win32.Build.0 = RelWithDebInfo|Win32
		{2642D1CC-4472-4B55-B742-E67149531CF0}.Debug|Win32.ActiveCfg = Debug|Win32
		{2642D1CC-4472-4B55-B742-E67149531CF0}.Debug|Win32.Build.0 = Debug|Win32
		{2642D1CC-4472-4B55-B742-E67149531CF0}.Release|Win32.ActiveCfg = Release|Win32
		{2642D1CC-4472-4B55-B742-E67149531CF0}.Release|Win32.Build.0 = Release|Win32
		{2642D1CC-4472-4B55-B742-E67149531CF0}.MinSizeRel|Win32.ActiveCfg = MinSizeRel|Win32
		{2642D1CC-4472-4B55-B742-E67149531CF0}.MinSizeRel|Win32.Build.0 = MinSizeRel|Win32
		{2642D1CC-4472-4B55-B742-E67149531CF0}.RelWithDebInfo|Win32.ActiveCfg = RelWithDebInfo|Win32
		{2642D1CC-4472-4B55-B742-E67149531CF0}.RelWithDebInfo|Win32.Build.0 = RelWithDebInfo|Win32
		{AF51AD99-AF71-4A6F-8040-1BCADC576DC8}.Debug|Win32.ActiveCfg = Debug|Win32
		{AF51AD99-AF71-4A6F-8040-1BCADC576DC8}.Debug|Win32.Build.0 = Debug|Win32
		{AF51AD99-AF71-4A6F-8040-1BCADC576DC8}.Release|Win32.ActiveCfg = Release|Win32
		{AF51AD99-AF71-4A6F-8040-1BCADC576DC8}.Release|Win32.Build.0 = Release|Win32
		{AF51AD99-AF71-4A6F-8040-1BCADC576DC8}.MinSizeRel|Win32.ActiveCfg = MinSizeRel|Win32
		{AF51AD99-AF71-4A6F-8040-1BCADC576DC8}.MinSizeRel|Win32.Build.0 = MinSizeRel|Win32
		{AF51AD99-AF71-4A6F-8040-1BCADC576DC8}.RelWithDebInfo|Win32.ActiveCfg = RelWithDebInfo|Win32
		{AF51AD99-AF71-4A6F-8040-1BCADC576DC8}.RelWithDebInfo|Win32.Build.0 = RelWithDebInfo|Win32
	EndGlobalSection
	GlobalSection(NestedProjects) = preSolution
		{95D53783-874D-40BB-9DA6-74BDD8A499F9} = {FEF60850-3CBE-4062-B216-8C2FFD657D29}
		{1A3518F8-01A8-48D2-9F64-D66AD2547E48} = {FEF60850-3CBE-4062-B216-8C2FFD657D29}
		{9C260123-7141-4256-B72D-9B119F67E6BF} = {FEF60850-3CBE-4062-B216-8C2FFD657D29}
		{E2C0386B-5D7D-4E8B-AC76-382761935F12} = {484A2B1E-F548-4278-86B7-F1C6B99AB7C0}
		{237313BB-C5F8-4E21-BDDE-CF246A85F2EA} = {484A2B1E-F548-4278-86B7-F1C6B99AB7C0}
		{18C7EFF5-E600-49AE-9245-53E784BAE0FB} = {484A2B1E-F548-4278-86B7-F1C6B99AB7C0}
		{D26D07BA-8576-4EEF-A1F9-473ADBFA41AE} = {484A2B1E-F548-4278-86B7-F1C6B99AB7C0}
		{DDDEBB4F-5C20-446F-853D-15845C8DC0DE} = {484A2B1E-F548-4278-86B7-F1C6B99AB7C0}
		{88BC0E36-BAFC-4B35-B917-FD869D0920C4} = {D9BDD0B4-6690-4E81-9EA6-9E47FAF6CE14}
		{FE7164CF-68B0-4E14-9848-E9E413302001} = {D9BDD0B4-6690-4E81-9EA6-9E47FAF6CE14}
		{22FFB812-6C0B-4D65-B8FE-43F58E3EC73C} = {D9BDD0B4-6690-4E81-9EA6-9E47FAF6CE14}
		{08573701-A6AB-43F4-9D49-B5C3923BF798} = {D9BDD0B4-6690-4E81-9EA6-9E47FAF6CE14}
		{01EB5DF0-115D-48DD-A2D8-082B3354B01B} = {D9BDD0B4-6690-4E81-9EA6-9E47FAF6CE14}
		{669E617D-9FA1-4171-BF79-7ACA691E0077} = {D9BDD0B4-6690-4E81-9EA6-9E47FAF6CE14}
		{10EC9075-7D89-489A-B1C1-32FBE359E8F1} = {D9BDD0B4-6690-4E81-9EA6-9E47FAF6CE14}
		{62E52595-E4F5-43EF-BC17-5A58F6246C1F} = {D9BDD0B4-6690-4E81-9EA6-9E47FAF6CE14}
		{C40E58BF-026D-47D6-BF19-0E4813561F39} = {D9BDD0B4-6690-4E81-9EA6-9E47FAF6CE14}
		{E98860B6-1AD0-4AF0-B2F3-190A1531714F} = {D9BDD0B4-6690-4E81-9EA6-9E47FAF6CE14}
		{FFEFFFAE-4FF0-4719-A4C8-A6703B7E0919} = {D9BDD0B4-6690-4E81-9EA6-9E47FAF6CE14}
		{00E259EC-DED7-4C86-B37D-008565E57CB9} = {D9BDD0B4-6690-4E81-9EA6-9E47FAF6CE14}
		{B3B7BA5A-4C7B-4A74-B4B4-99D9E6C6E991} = {D9BDD0B4-6690-4E81-9EA6-9E47FAF6CE14}
		{0FD49E9F-3677-41B2-9108-D8443AE6FA57} = {D9BDD0B4-6690-4E81-9EA6-9E47FAF6CE14}
		{9E7A58D0-D5C1-4771-AA33-C0D5E1465899} = {D9BDD0B4-6690-4E81-9EA6-9E47FAF6CE14}
		{D25F4C2A-5D4C-4CE2-A79D-3C913FCC2CFA} = {D9BDD0B4-6690-4E81-9EA6-9E47FAF6CE14}
		{7FC8CF6E-5A35-4B3E-9F4E-AA4E9BA603E4} = {D9BDD0B4-6690-4E81-9EA6-9E47FAF6CE14}
		{57B0C019-45E0-4A7E-98EE-DE3545AAA955} = {D9BDD0B4-6690-4E81-9EA6-9E47FAF6CE14}
		{551E0E18-88B9-425B-BB1F-888AEF17A964} = {D9BDD0B4-6690-4E81-9EA6-9E47FAF6CE14}
		{46A51372-1DCD-4A88-96C7-35B2B60179C7} = {D9BDD0B4-6690-4E81-9EA6-9E47FAF6CE14}
		{496D555E-1B48-4DE4-8100-CC98CCD2D06B} = {D9BDD0B4-6690-4E81-9EA6-9E47FAF6CE14}
		{9ECFDE50-110B-465D-9930-0F07CF4C201D} = {D9BDD0B4-6690-4E81-9EA6-9E47FAF6CE14}
		{75F30B85-63F4-48D5-949F-BE06DD3AFF46} = {D9BDD0B4-6690-4E81-9EA6-9E47FAF6CE14}
		{8ABBC914-922F-4BA1-BF9F-0F5314708A74} = {D9BDD0B4-6690-4E81-9EA6-9E47FAF6CE14}
		{C98518EF-DCA1-49E7-8C9B-77E48173D8A4} = {D9BDD0B4-6690-4E81-9EA6-9E47FAF6CE14}
		{49879937-1F60-406D-82CE-C795D4B27DB0} = {D9BDD0B4-6690-4E81-9EA6-9E47FAF6CE14}
		{14739202-3E99-4C65-B3AA-1799F950E847} = {D9BDD0B4-6690-4E81-9EA6-9E47FAF6CE14}
		{34FCA305-75E2-4306-841E-33061D60577B} = {D9BDD0B4-6690-4E81-9EA6-9E47FAF6CE14}
		{7E94E695-EF10-4E07-A839-FE63EFE10748} = {D9BDD0B4-6690-4E81-9EA6-9E47FAF6CE14}
		{EB00136D-2CE3-494F-89C6-A264DEDE200F} = {D9BDD0B4-6690-4E81-9EA6-9E47FAF6CE14}
		{B99C4772-079C-4EC4-994A-47F25ED79883} = {D9BDD0B4-6690-4E81-9EA6-9E47FAF6CE14}
		{8A69C1D3-DB8B-4193-8DE3-2F701951A188} = {D9BDD0B4-6690-4E81-9EA6-9E47FAF6CE14}
		{ADE60704-DA64-40E6-8914-72ABAB5CB347} = {D9BDD0B4-6690-4E81-9EA6-9E47FAF6CE14}
		{5BC489EA-3D2E-4528-9A41-443F266C89AA} = {D9BDD0B4-6690-4E81-9EA6-9E47FAF6CE14}
		{71454EFF-2C9D-4BCD-8A40-33367FE65C6D} = {D9BDD0B4-6690-4E81-9EA6-9E47FAF6CE14}
		{8363D3F0-64A1-4B63-9DA6-F1CB7798EF18} = {D9BDD0B4-6690-4E81-9EA6-9E47FAF6CE14}
		{5383B842-2D6C-4B33-9611-2D8D4E6884D2} = {D9BDD0B4-6690-4E81-9EA6-9E47FAF6CE14}
		{937A0ADF-6B8B-40FE-A6DB-A018363A7DB6} = {D9BDD0B4-6690-4E81-9EA6-9E47FAF6CE14}
		{C4EC9EBA-923D-4D82-B7D6-A429BB37E4F2} = {D9BDD0B4-6690-4E81-9EA6-9E47FAF6CE14}
		{87F66C17-36EA-4B03-A3AD-6C79948C7A1B} = {D9BDD0B4-6690-4E81-9EA6-9E47FAF6CE14}
		{30B0A5CA-5E45-4EEC-AFD4-097DD95432F0} = {D9BDD0B4-6690-4E81-9EA6-9E47FAF6CE14}
		{67EFF4E5-B7F6-4230-9D55-85383C6689D3} = {D9BDD0B4-6690-4E81-9EA6-9E47FAF6CE14}
		{CA7402BD-A73B-45AE-8F9F-C95D4989C6F6} = {D9BDD0B4-6690-4E81-9EA6-9E47FAF6CE14}
		{7BD79709-3D12-4050-976F-FC7E49A66F37} = {D9BDD0B4-6690-4E81-9EA6-9E47FAF6CE14}
		{12F7C25A-65E8-460B-A0CC-2B6513F5E7B8} = {D9BDD0B4-6690-4E81-9EA6-9E47FAF6CE14}
		{5A7753D0-4EAF-48F4-A5CF-BA18A7E9356D} = {D9BDD0B4-6690-4E81-9EA6-9E47FAF6CE14}
		{BE5AC7BC-B374-4ED9-908E-3E9908252626} = {D9BDD0B4-6690-4E81-9EA6-9E47FAF6CE14}
		{5CD4FA30-2EC3-4A48-9D18-A2EBDCA09891} = {D9BDD0B4-6690-4E81-9EA6-9E47FAF6CE14}
		{E3D7C49B-BEB8-4E03-AF60-355C76EDC2A6} = {D9BDD0B4-6690-4E81-9EA6-9E47FAF6CE14}
		{93454F31-3F80-4133-AF40-F859D5036DC0} = {D9BDD0B4-6690-4E81-9EA6-9E47FAF6CE14}
		{7660D53D-647E-4D58-A43B-C5DE3A08115D} = {D9BDD0B4-6690-4E81-9EA6-9E47FAF6CE14}
		{720C8D8F-5B0E-4EE0-A703-929E2C44768B} = {D9BDD0B4-6690-4E81-9EA6-9E47FAF6CE14}
		{64A158B5-5FF0-4C68-8A22-CEF23E79B16B} = {D9BDD0B4-6690-4E81-9EA6-9E47FAF6CE14}
		{2642D1CC-4472-4B55-B742-E67149531CF0} = {D9BDD0B4-6690-4E81-9EA6-9E47FAF6CE14}
		{AF51AD99-AF71-4A6F-8040-1BCADC576DC8} = {D9BDD0B4-6690-4E81-9EA6-9E47FAF6CE14}
	EndGlobalSection
	GlobalSection(ExtensibilityGlobals) = postSolution
	EndGlobalSection
	GlobalSection(ExtensibilityAddIns) = postSolution
	EndGlobalSection
EndGlobal
