<?xml version="1.0" encoding="utf-8"?>
<Project ToolsVersion="12.0" xmlns="http://schemas.microsoft.com/developer/msbuild/2003">
  <ItemGroup>
    <ClCompile Include="..\..\..\..\src\osgEarthDrivers\engine_rex\GeometryPool.cpp">
      <Filter>Source Files</Filter>
    </ClCompile>
    <ClCompile Include="..\..\..\..\src\osgEarthDrivers\engine_rex\RexTerrainEngineNode.cpp">
      <Filter>Source Files</Filter>
    </ClCompile>
    <ClCompile Include="..\..\..\..\src\osgEarthDrivers\engine_rex\RexTerrainEngineDriver.cpp">
      <Filter>Source Files</Filter>
    </ClCompile>
    <ClCompile Include="..\..\..\..\src\osgEarthDrivers\engine_rex\LoadTileData.cpp">
      <Filter>Source Files</Filter>
    </ClCompile>
    <ClCompile Include="..\..\..\..\src\osgEarthDrivers\engine_rex\MaskGenerator.cpp">
      <Filter>Source Files</Filter>
    </ClCompile>
    <ClCompile Include="..\..\..\..\src\osgEarthDrivers\engine_rex\MPTexture.cpp">
      <Filter>Source Files</Filter>
    </ClCompile>
    <ClCompile Include="..\..\..\..\src\osgEarthDrivers\engine_rex\SelectionInfo.cpp">
      <Filter>Source Files</Filter>
    </ClCompile>
    <ClCompile Include="..\..\..\..\src\osgEarthDrivers\engine_rex\SurfaceNode.cpp">
      <Filter>Source Files</Filter>
    </ClCompile>
    <ClCompile Include="..\..\..\..\src\osgEarthDrivers\engine_rex\TileDrawable.cpp">
      <Filter>Source Files</Filter>
    </ClCompile>
    <ClCompile Include="..\..\..\..\src\osgEarthDrivers\engine_rex\EngineContext.cpp">
      <Filter>Source Files</Filter>
    </ClCompile>
    <ClCompile Include="..\..\..\..\src\osgEarthDrivers\engine_rex\TileNode.cpp">
      <Filter>Source Files</Filter>
    </ClCompile>
    <ClCompile Include="..\..\..\..\src\osgEarthDrivers\engine_rex\TileNodeRegistry.cpp">
      <Filter>Source Files</Filter>
    </ClCompile>
    <ClCompile Include="..\..\..\..\src\osgEarthDrivers\engine_rex\Loader.cpp">
      <Filter>Source Files</Filter>
    </ClCompile>
    <ClCompile Include="..\..\..\..\src\osgEarthDrivers\engine_rex\Unloader.cpp">
      <Filter>Source Files</Filter>
    </ClCompile>
    <ClCompile Include="AutoGenShaders.cpp">
      <Filter>Source Files</Filter>
    </ClCompile>
  </ItemGroup>
  <ItemGroup>
    <ClInclude Include="..\..\..\..\src\osgEarthDrivers\engine_rex\Shaders.cpp.in">
      <Filter>Template Files</Filter>
    </ClInclude>
  </ItemGroup>
  <ItemGroup>
    <CustomBuild Include="..\..\..\CMakeFiles\4390c4d1ec6bb03c2ee5b0bf05222ee4\AutoGenShaders.cpp.rule">
      <Filter>CMake Rules</Filter>
    </CustomBuild>
  </ItemGroup>
  <ItemGroup>
    <None Include="..\..\..\..\src\osgEarthDrivers\engine_rex\Common">
      <Filter>Header Files</Filter>
    </None>
    <None Include="..\..\..\..\src\osgEarthDrivers\engine_rex\GeometryPool">
      <Filter>Header Files</Filter>
    </None>
    <None Include="..\..\..\..\src\osgEarthDrivers\engine_rex\Shaders">
      <Filter>Header Files</Filter>
    </None>
    <None Include="..\..\..\..\src\osgEarthDrivers\engine_rex\RexTerrainEngineNode">
      <Filter>Header Files</Filter>
    </None>
    <None Include="..\..\..\..\src\osgEarthDrivers\engine_rex\RexTerrainEngineOptions">
      <Filter>Header Files</Filter>
    </None>
    <None Include="..\..\..\..\src\osgEarthDrivers\engine_rex\LoadTileData">
      <Filter>Header Files</Filter>
    </None>
    <None Include="..\..\..\..\src\osgEarthDrivers\engine_rex\MaskGenerator">
      <Filter>Header Files</Filter>
    </None>
    <None Include="..\..\..\..\src\osgEarthDrivers\engine_rex\MPTexture">
      <Filter>Header Files</Filter>
    </None>
    <None Include="..\..\..\..\src\osgEarthDrivers\engine_rex\RenderBindings">
      <Filter>Header Files</Filter>
    </None>
    <None Include="..\..\..\..\src\osgEarthDrivers\engine_rex\SurfaceNode">
      <Filter>Header Files</Filter>
    </None>
    <None Include="..\..\..\..\src\osgEarthDrivers\engine_rex\TileDrawable">
      <Filter>Header Files</Filter>
    </None>
    <None Include="..\..\..\..\src\osgEarthDrivers\engine_rex\EngineContext">
      <Filter>Header Files</Filter>
    </None>
    <None Include="..\..\..\..\src\osgEarthDrivers\engine_rex\TileNode">
      <Filter>Header Files</Filter>
    </None>
    <None Include="..\..\..\..\src\osgEarthDrivers\engine_rex\TileNodeRegistry">
      <Filter>Header Files</Filter>
    </None>
    <None Include="..\..\..\..\src\osgEarthDrivers\engine_rex\Loader">
      <Filter>Header Files</Filter>
    </None>
    <None Include="..\..\..\..\src\osgEarthDrivers\engine_rex\Unloader">
      <Filter>Header Files</Filter>
    </None>
    <None Include="..\..\..\..\src\osgEarthDrivers\engine_rex\SelectionInfo">
      <Filter>Header Files</Filter>
    </None>
    <None Include="..\..\..\..\src\osgEarthDrivers\engine_rex\RexEngine.vert.glsl">
      <Filter>Shader Files</Filter>
    </None>
    <None Include="..\..\..\..\src\osgEarthDrivers\engine_rex\RexEngine.vert.view.glsl">
      <Filter>Shader Files</Filter>
    </None>
    <None Include="..\..\..\..\src\osgEarthDrivers\engine_rex\RexEngine.tcs.glsl">
      <Filter>Shader Files</Filter>
    </None>
    <None Include="..\..\..\..\src\osgEarthDrivers\engine_rex\RexEngine.tes.glsl">
      <Filter>Shader Files</Filter>
    </None>
    <None Include="..\..\..\..\src\osgEarthDrivers\engine_rex\RexEngine.gs.glsl">
      <Filter>Shader Files</Filter>
    </None>
    <None Include="..\..\..\..\src\osgEarthDrivers\engine_rex\RexEngine.frag.glsl">
      <Filter>Shader Files</Filter>
    </None>
    <None Include="..\..\..\..\src\osgEarthDrivers\engine_rex\RexEngine.NormalMap.vert.glsl">
      <Filter>Shader Files</Filter>
    </None>
    <None Include="..\..\..\..\src\osgEarthDrivers\engine_rex\RexEngine.NormalMap.frag.glsl">
      <Filter>Shader Files</Filter>
    </None>
    <None Include="..\..\..\..\src\osgEarthDrivers\engine_rex\RexEngine.Morphing.vert.glsl">
      <Filter>Shader Files</Filter>
    </None>
    <None Include="..\..\..\..\src\osgEarthDrivers\engine_rex\RexEngine.SDK.vert.glsl">
      <Filter>Shader Files</Filter>
    </None>
  </ItemGroup>
  <ItemGroup>
    <Filter Include="Source Files">
      <UniqueIdentifier>{84BD2F31-B52F-4CBE-B9B3-F1B3E71BB794}</UniqueIdentifier>
    </Filter>
    <Filter Include="Header Files">
      <UniqueIdentifier>{2E9194C5-6DCE-488E-AB5E-37A66CD93717}</UniqueIdentifier>
    </Filter>
    <Filter Include="CMake Rules">
      <UniqueIdentifier>{7E2FE794-AF6D-4701-926B-08BE386343A5}</UniqueIdentifier>
    </Filter>
    <Filter Include="Shader Files">
      <UniqueIdentifier>{2A737F16-C03F-4797-8AE1-0D621AA41D5F}</UniqueIdentifier>
    </Filter>
    <Filter Include="Template Files">
      <UniqueIdentifier>{99122300-88D8-4B0A-8FA7-D9FF7E541E8A}</UniqueIdentifier>
    </Filter>
  </ItemGroup>
</Project>